{
  "version": 4,
  "terraform_version": "1.12.2",
  "serial": 20,
  "lineage": "07921a99-50c1-32c9-badf-79b98b6a2bff",
  "outputs": {
    "control_plane_public_ip": {
      "value": "10.112.2.41",
      "type": "string"
    },
    "worker_public_ip": {
      "value": "10.112.2.65",
      "type": "string"
    }
  },
  "resources": [
    {
      "mode": "data",
      "type": "openstack_compute_keypair_v2",
      "name": "keypair",
      "provider": "provider[\"registry.terraform.io/terraform-provider-openstack/openstack\"]",
      "instances": [
        {
          "schema_version": 0,
          "attributes": {
            "fingerprint": "c7:3c:19:a9:92:2e:4c:13:85:c4:19:7d:67:65:ae:66",
            "id": "Fronttest-WSL",
            "name": "Fronttest-WSL",
            "public_key": "ssh-rsa AAAAB3NzaC1yc2EAAAADAQABAAABAQCEyBaCLPNBocXLFCdTcg61woputFUNiPlDivpkITU/fMjhsG/phkSTs8fA56PaVlGlete+p1sgaE9Eb9eNaXo09Pu0Z95a+gb9TNhXexGX+oWeD1KxlGCmj9tW2tiT/1M9jLIOZDonnlqdUXAn1SvUZJmeOlzsBoh48GJXcT7qrWhFJhJY8jzErT7UDolF/lbsrxifoLnXPifv8xFcOjOw/1k9tX4L2aekdVh83iqmsZwGKLhiIXTEUzodGRgmi79Y1QGYwcAiMwh4TxlzvvFpr+8k0AhmDtFqz355pWtK8Qom+eWr9yVpM79ClWf8Km9G/6wfAaXIIAjmWq1xGP9h\n",
            "region": "NCP-TH",
            "user_id": "f76af047e71f420196848bf86859a846"
          },
          "sensitive_attributes": [],
          "identity_schema_version": 0
        }
      ]
    },
    {
      "mode": "managed",
      "type": "openstack_compute_instance_v2",
      "name": "control_plane",
      "provider": "provider[\"registry.terraform.io/terraform-provider-openstack/openstack\"]",
      "instances": [
        {
          "schema_version": 0,
          "attributes": {
            "access_ip_v4": "10.0.0.3",
            "access_ip_v6": "",
            "admin_pass": null,
            "all_metadata": {},
            "all_tags": [],
            "availability_zone": "NCP-NON",
            "availability_zone_hints": null,
            "block_device": [
              {
                "boot_index": 0,
                "delete_on_termination": false,
                "destination_type": "volume",
                "device_type": "",
                "disk_bus": "",
                "guest_format": "",
                "multiattach": false,
                "source_type": "image",
                "uuid": "30c876dd-4470-47d8-b13a-df5f18c85ba4",
                "volume_size": 20,
                "volume_type": ""
              }
            ],
            "config_drive": null,
            "created": "2025-10-20 15:07:11 +0000 UTC",
            "flavor_id": "6312603a-f43b-4219-b460-6d9bb983d72b",
            "flavor_name": "csa.large.v2",
            "force_delete": false,
            "id": "3d026478-df00-4b75-be0b-2c70760bc4e0",
            "image_id": "Attempt to boot from volume - no image supplied",
            "image_name": null,
            "key_pair": "Fronttest-WSL",
            "metadata": null,
            "name": "k0s-control-plane-0",
            "network": [
              {
                "access_network": false,
                "fixed_ip_v4": "10.0.0.3",
                "fixed_ip_v6": "",
                "mac": "02:ec:b4:80:5d:9e",
                "name": "k0s-vpc-network",
                "port": "ecb4805d-9e2a-4a9e-bd46-c7956ce8c9b9",
                "uuid": "87785df9-2c48-4d40-aaf6-87d1ee17e92b"
              }
            ],
            "network_mode": null,
            "personality": [],
            "power_state": "active",
            "region": "NCP-TH",
            "scheduler_hints": [],
            "security_groups": [
              "k0s-cluster-sg"
            ],
            "stop_before_destroy": false,
            "tags": null,
            "timeouts": null,
            "updated": "2025-10-20 15:08:18 +0000 UTC",
            "user_data": null,
            "vendor_options": []
          },
          "sensitive_attributes": [
            [
              {
                "type": "get_attr",
                "value": "admin_pass"
              }
            ]
          ],
          "identity_schema_version": 0,
          "private": "eyJlMmJmYjczMC1lY2FhLTExZTYtOGY4OC0zNDM2M2JjN2M0YzAiOnsiY3JlYXRlIjoxODAwMDAwMDAwMDAwLCJkZWxldGUiOjE4MDAwMDAwMDAwMDAsInVwZGF0ZSI6MTgwMDAwMDAwMDAwMH19",
          "dependencies": [
            "data.openstack_compute_keypair_v2.keypair",
            "openstack_networking_network_v2.network",
            "openstack_networking_port_v2.port_control",
            "openstack_networking_secgroup_v2.secgroup_1",
            "openstack_networking_subnet_v2.subnet"
          ]
        }
      ]
    },
    {
      "mode": "managed",
      "type": "openstack_compute_instance_v2",
      "name": "worker",
      "provider": "provider[\"registry.terraform.io/terraform-provider-openstack/openstack\"]",
      "instances": [
        {
          "schema_version": 0,
          "attributes": {
            "access_ip_v4": "10.0.0.2",
            "access_ip_v6": "",
            "admin_pass": null,
            "all_metadata": {},
            "all_tags": [],
            "availability_zone": "NCP-NON",
            "availability_zone_hints": null,
            "block_device": [
              {
                "boot_index": 0,
                "delete_on_termination": false,
                "destination_type": "volume",
                "device_type": "",
                "disk_bus": "",
                "guest_format": "",
                "multiattach": false,
                "source_type": "image",
                "uuid": "30c876dd-4470-47d8-b13a-df5f18c85ba4",
                "volume_size": 20,
                "volume_type": ""
              }
            ],
            "config_drive": null,
            "created": "2025-10-20 15:07:11 +0000 UTC",
            "flavor_id": "6312603a-f43b-4219-b460-6d9bb983d72b",
            "flavor_name": "csa.large.v2",
            "force_delete": false,
            "id": "a088fd3d-92f1-41e8-b8fb-b6d256a968de",
            "image_id": "Attempt to boot from volume - no image supplied",
            "image_name": null,
            "key_pair": "Fronttest-WSL",
            "metadata": null,
            "name": "worker",
            "network": [
              {
                "access_network": false,
                "fixed_ip_v4": "10.0.0.2",
                "fixed_ip_v6": "",
                "mac": "02:4c:a0:8e:47:ef",
                "name": "k0s-vpc-network",
                "port": "4ca08e47-ef14-4df0-b675-287997381f01",
                "uuid": "87785df9-2c48-4d40-aaf6-87d1ee17e92b"
              }
            ],
            "network_mode": null,
            "personality": [],
            "power_state": "active",
            "region": "NCP-TH",
            "scheduler_hints": [],
            "security_groups": [
              "k0s-cluster-sg"
            ],
            "stop_before_destroy": false,
            "tags": null,
            "timeouts": null,
            "updated": "2025-10-20 15:08:41 +0000 UTC",
            "user_data": null,
            "vendor_options": []
          },
          "sensitive_attributes": [
            [
              {
                "type": "get_attr",
                "value": "admin_pass"
              }
            ]
          ],
          "identity_schema_version": 0,
          "private": "eyJlMmJmYjczMC1lY2FhLTExZTYtOGY4OC0zNDM2M2JjN2M0YzAiOnsiY3JlYXRlIjoxODAwMDAwMDAwMDAwLCJkZWxldGUiOjE4MDAwMDAwMDAwMDAsInVwZGF0ZSI6MTgwMDAwMDAwMDAwMH19",
          "dependencies": [
            "data.openstack_compute_keypair_v2.keypair",
            "openstack_networking_network_v2.network",
            "openstack_networking_port_v2.port_worker",
            "openstack_networking_secgroup_v2.secgroup_1",
            "openstack_networking_subnet_v2.subnet"
          ]
        }
      ]
    },
    {
      "mode": "managed",
      "type": "openstack_networking_floatingip_associate_v2",
      "name": "fip_control",
      "provider": "provider[\"registry.terraform.io/terraform-provider-openstack/openstack\"]",
      "instances": [
        {
          "schema_version": 0,
          "attributes": {
            "fixed_ip": "10.0.0.3",
            "floating_ip": "10.112.2.41",
            "id": "6551e6cf-fdd4-4cfc-ad99-da7ded6bf07d",
            "port_id": "ecb4805d-9e2a-4a9e-bd46-c7956ce8c9b9",
            "region": "NCP-TH"
          },
          "sensitive_attributes": [],
          "identity_schema_version": 0,
          "private": "bnVsbA==",
          "dependencies": [
            "openstack_networking_floatingip_v2.floatip_control",
            "openstack_networking_network_v2.network",
            "openstack_networking_port_v2.port_control",
            "openstack_networking_secgroup_v2.secgroup_1",
            "openstack_networking_subnet_v2.subnet"
          ]
        }
      ]
    },
    {
      "mode": "managed",
      "type": "openstack_networking_floatingip_associate_v2",
      "name": "fip_worker",
      "provider": "provider[\"registry.terraform.io/terraform-provider-openstack/openstack\"]",
      "instances": [
        {
          "schema_version": 0,
          "attributes": {
            "fixed_ip": "10.0.0.2",
            "floating_ip": "10.112.2.65",
            "id": "1d3a3526-1431-43ab-98ef-9aeb3e523c33",
            "port_id": "4ca08e47-ef14-4df0-b675-287997381f01",
            "region": "NCP-TH"
          },
          "sensitive_attributes": [],
          "identity_schema_version": 0,
          "private": "bnVsbA==",
          "dependencies": [
            "openstack_networking_floatingip_v2.floatip_worker",
            "openstack_networking_network_v2.network",
            "openstack_networking_port_v2.port_worker",
            "openstack_networking_secgroup_v2.secgroup_1",
            "openstack_networking_subnet_v2.subnet"
          ]
        }
      ]
    },
    {
      "mode": "managed",
      "type": "openstack_networking_floatingip_v2",
      "name": "floatip_control",
      "provider": "provider[\"registry.terraform.io/terraform-provider-openstack/openstack\"]",
      "instances": [
        {
          "schema_version": 0,
          "attributes": {
            "address": "10.112.2.41",
            "all_tags": [],
            "description": "",
            "dns_domain": "",
            "dns_name": "",
            "fixed_ip": "10.0.0.3",
            "id": "6551e6cf-fdd4-4cfc-ad99-da7ded6bf07d",
            "pool": "Standard_Public_IP_Pool_NON",
            "port_id": "ecb4805d-9e2a-4a9e-bd46-c7956ce8c9b9",
            "region": "NCP-TH",
            "subnet_id": null,
            "subnet_ids": null,
            "tags": [],
            "tenant_id": "7ff942ee04644ac28a10a871f707f05d",
            "timeouts": null,
            "value_specs": null
          },
          "sensitive_attributes": [],
          "identity_schema_version": 0,
          "private": "eyJlMmJmYjczMC1lY2FhLTExZTYtOGY4OC0zNDM2M2JjN2M0YzAiOnsiY3JlYXRlIjo2MDAwMDAwMDAwMDAsImRlbGV0ZSI6NjAwMDAwMDAwMDAwfX0="
        }
      ]
    },
    {
      "mode": "managed",
      "type": "openstack_networking_floatingip_v2",
      "name": "floatip_worker",
      "provider": "provider[\"registry.terraform.io/terraform-provider-openstack/openstack\"]",
      "instances": [
        {
          "schema_version": 0,
          "attributes": {
            "address": "10.112.2.65",
            "all_tags": [],
            "description": "",
            "dns_domain": "",
            "dns_name": "",
            "fixed_ip": "10.0.0.2",
            "id": "1d3a3526-1431-43ab-98ef-9aeb3e523c33",
            "pool": "Standard_Public_IP_Pool_NON",
            "port_id": "4ca08e47-ef14-4df0-b675-287997381f01",
            "region": "NCP-TH",
            "subnet_id": null,
            "subnet_ids": null,
            "tags": [],
            "tenant_id": "7ff942ee04644ac28a10a871f707f05d",
            "timeouts": null,
            "value_specs": null
          },
          "sensitive_attributes": [],
          "identity_schema_version": 0,
          "private": "eyJlMmJmYjczMC1lY2FhLTExZTYtOGY4OC0zNDM2M2JjN2M0YzAiOnsiY3JlYXRlIjo2MDAwMDAwMDAwMDAsImRlbGV0ZSI6NjAwMDAwMDAwMDAwfX0="
        }
      ]
    },
    {
      "mode": "managed",
      "type": "openstack_networking_network_v2",
      "name": "network",
      "provider": "provider[\"registry.terraform.io/terraform-provider-openstack/openstack\"]",
      "instances": [
        {
          "schema_version": 0,
          "attributes": {
            "admin_state_up": true,
            "all_tags": [],
            "availability_zone_hints": [],
            "description": "",
            "dns_domain": "",
            "external": false,
            "id": "87785df9-2c48-4d40-aaf6-87d1ee17e92b",
            "mtu": 0,
            "name": "k0s-vpc-network",
            "port_security_enabled": true,
            "qos_policy_id": "",
            "region": "NCP-TH",
            "segments": [],
            "shared": false,
            "tags": [],
            "tenant_id": "7ff942ee04644ac28a10a871f707f05d",
            "timeouts": null,
            "transparent_vlan": false,
            "value_specs": null
          },
          "sensitive_attributes": [],
          "identity_schema_version": 0,
          "private": "eyJlMmJmYjczMC1lY2FhLTExZTYtOGY4OC0zNDM2M2JjN2M0YzAiOnsiY3JlYXRlIjo2MDAwMDAwMDAwMDAsImRlbGV0ZSI6NjAwMDAwMDAwMDAwfX0="
        }
      ]
    },
    {
      "mode": "managed",
      "type": "openstack_networking_port_v2",
      "name": "port_control",
      "provider": "provider[\"registry.terraform.io/terraform-provider-openstack/openstack\"]",
      "instances": [
        {
          "schema_version": 0,
          "attributes": {
            "admin_state_up": true,
            "all_fixed_ips": [
              "10.0.0.3"
            ],
            "all_security_group_ids": [
              "82643129-7cc9-4cbd-8335-16cc043b31e3"
            ],
            "all_tags": [],
            "allowed_address_pairs": [],
            "binding": [
              {
                "host_id": "",
                "profile": "",
                "vif_details": {},
                "vif_type": "",
                "vnic_type": "normal"
              }
            ],
            "description": "",
            "device_id": "d90c4f1c-2b2d-4298-9bd5-7a111a5c0210",
            "device_owner": "compute:NCP-NON",
            "dns_assignment": [],
            "dns_name": "",
            "extra_dhcp_option": [],
            "fixed_ip": [
              {
                "ip_address": "",
                "subnet_id": "068c91b7-e61a-4e3d-b1dc-e82a8441521d"
              }
            ],
            "id": "ecb4805d-9e2a-4a9e-bd46-c7956ce8c9b9",
            "mac_address": "02:ec:b4:80:5d:9e",
            "name": "port_front",
            "network_id": "87785df9-2c48-4d40-aaf6-87d1ee17e92b",
            "no_fixed_ip": null,
            "no_security_groups": null,
            "port_security_enabled": true,
            "qos_policy_id": "",
            "region": "NCP-TH",
            "security_group_ids": [
              "82643129-7cc9-4cbd-8335-16cc043b31e3"
            ],
            "tags": [],
            "tenant_id": "7ff942ee04644ac28a10a871f707f05d",
            "timeouts": null,
            "value_specs": null
          },
          "sensitive_attributes": [],
          "identity_schema_version": 0,
          "private": "eyJlMmJmYjczMC1lY2FhLTExZTYtOGY4OC0zNDM2M2JjN2M0YzAiOnsiY3JlYXRlIjo2MDAwMDAwMDAwMDAsImRlbGV0ZSI6NjAwMDAwMDAwMDAwfX0=",
          "dependencies": [
            "openstack_networking_network_v2.network",
            "openstack_networking_secgroup_v2.secgroup_1",
            "openstack_networking_subnet_v2.subnet"
          ]
        }
      ]
    },
    {
      "mode": "managed",
      "type": "openstack_networking_port_v2",
      "name": "port_worker",
      "provider": "provider[\"registry.terraform.io/terraform-provider-openstack/openstack\"]",
      "instances": [
        {
          "schema_version": 0,
          "attributes": {
            "admin_state_up": true,
            "all_fixed_ips": [
              "10.0.0.2"
            ],
            "all_security_group_ids": [
              "82643129-7cc9-4cbd-8335-16cc043b31e3"
            ],
            "all_tags": [],
            "allowed_address_pairs": [],
            "binding": [
              {
                "host_id": "",
                "profile": "",
                "vif_details": {},
                "vif_type": "",
                "vnic_type": "normal"
              }
            ],
            "description": "",
            "device_id": "bdf5ecec-59a7-40e3-b2a5-ccfc90d50c9b",
            "device_owner": "compute:NCP-NON",
            "dns_assignment": [],
            "dns_name": "",
            "extra_dhcp_option": [],
            "fixed_ip": [
              {
                "ip_address": "",
                "subnet_id": "068c91b7-e61a-4e3d-b1dc-e82a8441521d"
              }
            ],
            "id": "4ca08e47-ef14-4df0-b675-287997381f01",
            "mac_address": "02:4c:a0:8e:47:ef",
            "name": "port_worker",
            "network_id": "87785df9-2c48-4d40-aaf6-87d1ee17e92b",
            "no_fixed_ip": null,
            "no_security_groups": null,
            "port_security_enabled": true,
            "qos_policy_id": "",
            "region": "NCP-TH",
            "security_group_ids": [
              "82643129-7cc9-4cbd-8335-16cc043b31e3"
            ],
            "tags": [],
            "tenant_id": "7ff942ee04644ac28a10a871f707f05d",
            "timeouts": null,
            "value_specs": null
          },
          "sensitive_attributes": [],
          "identity_schema_version": 0,
          "private": "eyJlMmJmYjczMC1lY2FhLTExZTYtOGY4OC0zNDM2M2JjN2M0YzAiOnsiY3JlYXRlIjo2MDAwMDAwMDAwMDAsImRlbGV0ZSI6NjAwMDAwMDAwMDAwfX0=",
          "dependencies": [
            "openstack_networking_network_v2.network",
            "openstack_networking_secgroup_v2.secgroup_1",
            "openstack_networking_subnet_v2.subnet"
          ]
        }
      ]
    },
    {
      "mode": "managed",
      "type": "openstack_networking_secgroup_rule_v2",
      "name": "secgroup_rule_1",
      "provider": "provider[\"registry.terraform.io/terraform-provider-openstack/openstack\"]",
      "instances": [
        {
          "schema_version": 0,
          "attributes": {
            "description": "",
            "direction": "ingress",
            "ethertype": "IPv4",
            "id": "ccbef84e-f237-479b-bd13-786b249ed99e",
            "port_range_max": 22,
            "port_range_min": 22,
            "protocol": "tcp",
            "region": "NCP-TH",
            "remote_group_id": "",
            "remote_ip_prefix": "0.0.0.0/0",
            "security_group_id": "82643129-7cc9-4cbd-8335-16cc043b31e3",
            "tenant_id": "7ff942ee04644ac28a10a871f707f05d",
            "timeouts": null
          },
          "sensitive_attributes": [],
          "identity_schema_version": 0,
          "private": "eyJlMmJmYjczMC1lY2FhLTExZTYtOGY4OC0zNDM2M2JjN2M0YzAiOnsiZGVsZXRlIjo2MDAwMDAwMDAwMDB9fQ==",
          "dependencies": [
            "openstack_networking_secgroup_v2.secgroup_1"
          ]
        }
      ]
    },
    {
      "mode": "managed",
      "type": "openstack_networking_secgroup_rule_v2",
      "name": "secgroup_rule_2",
      "provider": "provider[\"registry.terraform.io/terraform-provider-openstack/openstack\"]",
      "instances": [
        {
          "schema_version": 0,
          "attributes": {
            "description": "",
            "direction": "ingress",
            "ethertype": "IPv4",
            "id": "86532fd6-227f-4626-9f26-2d09e70ff3c8",
            "port_range_max": 6443,
            "port_range_min": 6443,
            "protocol": "tcp",
            "region": "NCP-TH",
            "remote_group_id": "",
            "remote_ip_prefix": "0.0.0.0/0",
            "security_group_id": "82643129-7cc9-4cbd-8335-16cc043b31e3",
            "tenant_id": "7ff942ee04644ac28a10a871f707f05d",
            "timeouts": null
          },
          "sensitive_attributes": [],
          "identity_schema_version": 0,
          "private": "eyJlMmJmYjczMC1lY2FhLTExZTYtOGY4OC0zNDM2M2JjN2M0YzAiOnsiZGVsZXRlIjo2MDAwMDAwMDAwMDB9fQ==",
          "dependencies": [
            "openstack_networking_secgroup_v2.secgroup_1"
          ]
        }
      ]
    },
    {
      "mode": "managed",
      "type": "openstack_networking_secgroup_rule_v2",
      "name": "secgroup_rule_icmp",
      "provider": "provider[\"registry.terraform.io/terraform-provider-openstack/openstack\"]",
      "instances": [
        {
          "schema_version": 0,
          "attributes": {
            "description": "",
            "direction": "ingress",
            "ethertype": "IPv4",
            "id": "6ed2b6e0-a2b6-4cef-a1a9-9ce2a08ef54b",
            "port_range_max": 0,
            "port_range_min": 0,
            "protocol": "icmp",
            "region": "NCP-TH",
            "remote_group_id": "",
            "remote_ip_prefix": "0.0.0.0/0",
            "security_group_id": "82643129-7cc9-4cbd-8335-16cc043b31e3",
            "tenant_id": "7ff942ee04644ac28a10a871f707f05d",
            "timeouts": null
          },
          "sensitive_attributes": [],
          "identity_schema_version": 0,
          "private": "eyJlMmJmYjczMC1lY2FhLTExZTYtOGY4OC0zNDM2M2JjN2M0YzAiOnsiZGVsZXRlIjo2MDAwMDAwMDAwMDB9fQ==",
          "dependencies": [
            "openstack_networking_secgroup_v2.secgroup_1"
          ]
        }
      ]
    },
    {
      "mode": "managed",
      "type": "openstack_networking_secgroup_v2",
      "name": "secgroup_1",
      "provider": "provider[\"registry.terraform.io/terraform-provider-openstack/openstack\"]",
      "instances": [
        {
          "schema_version": 0,
          "attributes": {
            "all_tags": [],
            "delete_default_rules": null,
            "description": "Security group for k0s cluster",
            "id": "82643129-7cc9-4cbd-8335-16cc043b31e3",
            "name": "k0s-cluster-sg",
            "region": "NCP-TH",
            "stateful": false,
            "tags": [],
            "tenant_id": "7ff942ee04644ac28a10a871f707f05d",
            "timeouts": null
          },
          "sensitive_attributes": [],
          "identity_schema_version": 0,
          "private": "eyJlMmJmYjczMC1lY2FhLTExZTYtOGY4OC0zNDM2M2JjN2M0YzAiOnsiZGVsZXRlIjo2MDAwMDAwMDAwMDB9fQ=="
        }
      ]
    },
    {
      "mode": "managed",
      "type": "openstack_networking_subnet_v2",
      "name": "subnet",
      "provider": "provider[\"registry.terraform.io/terraform-provider-openstack/openstack\"]",
      "instances": [
        {
          "schema_version": 0,
          "attributes": {
            "all_tags": [],
            "allocation_pool": [
              {
                "end": "10.0.0.254",
                "start": "10.0.0.2"
              }
            ],
            "cidr": "10.0.0.0/24",
            "description": "",
            "dns_nameservers": [
              "8.8.8.8",
              "8.8.4.4"
            ],
            "dns_publish_fixed_ip": false,
            "enable_dhcp": true,
            "gateway_ip": "10.0.0.1",
            "id": "068c91b7-e61a-4e3d-b1dc-e82a8441521d",
            "ip_version": 4,
            "ipv6_address_mode": "",
            "ipv6_ra_mode": "",
            "name": "k0s-vpc-subnet",
            "network_id": "87785df9-2c48-4d40-aaf6-87d1ee17e92b",
            "no_gateway": false,
            "prefix_length": null,
            "region": "NCP-TH",
            "service_types": [],
            "subnetpool_id": "",
            "tags": [],
            "tenant_id": "7ff942ee04644ac28a10a871f707f05d",
            "timeouts": null,
            "value_specs": null
          },
          "sensitive_attributes": [],
          "identity_schema_version": 0,
          "private": "eyJlMmJmYjczMC1lY2FhLTExZTYtOGY4OC0zNDM2M2JjN2M0YzAiOnsiY3JlYXRlIjo2MDAwMDAwMDAwMDAsImRlbGV0ZSI6NjAwMDAwMDAwMDAwfX0=",
          "dependencies": [
            "openstack_networking_network_v2.network"
          ]
        }
      ]
    }
  ],
  "check_results": null
}
