{
  "version": 4,
  "terraform_version": "1.12.2",
  "serial": 98,
  "lineage": "ae86610e-20aa-2699-6ef0-0f964ea234e6",
  "outputs": {
    "cluster_private_ips": {
      "value": {
        "argocd_non": "10.0.0.5",
        "master_bkk": "10.0.0.3",
        "master_non": "10.0.0.9",
        "prod_non": "10.0.0.7",
        "worker1_bkk": "10.0.0.8",
        "worker1_non": "10.0.0.6",
        "worker2_bkk": "10.0.0.2",
        "worker2_non": "10.0.0.4"
      },
      "type": [
        "object",
        {
          "argocd_non": "string",
          "master_bkk": "string",
          "master_non": "string",
          "prod_non": "string",
          "worker1_bkk": "string",
          "worker1_non": "string",
          "worker2_bkk": "string",
          "worker2_non": "string"
        }
      ]
    },
    "prod_NON_public_ip": {
      "value": "10.112.2.65",
      "type": "string"
    }
  },
  "resources": [
    {
      "mode": "data",
      "type": "openstack_compute_keypair_v2",
      "name": "keypair",
      "provider": "provider[\"registry.terraform.io/terraform-provider-openstack/openstack\"]",
      "instances": [
        {
          "schema_version": 0,
          "attributes": {
            "fingerprint": "c7:3c:19:a9:92:2e:4c:13:85:c4:19:7d:67:65:ae:66",
            "id": "Fronttest-WSL",
            "name": "Fronttest-WSL",
            "public_key": "ssh-rsa AAAAB3NzaC1yc2EAAAADAQABAAABAQCEyBaCLPNBocXLFCdTcg61woputFUNiPlDivpkITU/fMjhsG/phkSTs8fA56PaVlGlete+p1sgaE9Eb9eNaXo09Pu0Z95a+gb9TNhXexGX+oWeD1KxlGCmj9tW2tiT/1M9jLIOZDonnlqdUXAn1SvUZJmeOlzsBoh48GJXcT7qrWhFJhJY8jzErT7UDolF/lbsrxifoLnXPifv8xFcOjOw/1k9tX4L2aekdVh83iqmsZwGKLhiIXTEUzodGRgmi79Y1QGYwcAiMwh4TxlzvvFpr+8k0AhmDtFqz355pWtK8Qom+eWr9yVpM79ClWf8Km9G/6wfAaXIIAjmWq1xGP9h\n",
            "region": "NCP-TH",
            "user_id": "f76af047e71f420196848bf86859a846"
          },
          "sensitive_attributes": [],
          "identity_schema_version": 0
        }
      ]
    },
    {
      "mode": "data",
      "type": "openstack_networking_router_v2",
      "name": "router_non",
      "provider": "provider[\"registry.terraform.io/terraform-provider-openstack/openstack\"]",
      "instances": [
        {
          "schema_version": 0,
          "attributes": {
            "admin_state_up": true,
            "all_tags": [],
            "availability_zone_hints": [],
            "description": "",
            "distributed": false,
            "enable_snat": true,
            "external_fixed_ip": [],
            "external_network_id": "d89c43c9-d145-41b3-bf22-c04c4b41637c",
            "id": "9b66a343-a229-452e-be00-333a2b64a925",
            "name": "k0s-router-non",
            "region": "NCP-TH",
            "router_id": null,
            "status": "ACTIVE",
            "tags": null,
            "tenant_id": "7ff942ee04644ac28a10a871f707f05d"
          },
          "sensitive_attributes": [],
          "identity_schema_version": 0
        }
      ]
    },
    {
      "mode": "managed",
      "type": "local_file",
      "name": "ssh_config",
      "provider": "provider[\"registry.terraform.io/hashicorp/local\"]",
      "instances": [
        {
          "schema_version": 0,
          "attributes": {
            "content": "Host prod-non\r\n  HostName 10.112.2.65\r\n  User ubuntu\r\n  IdentityFile ~/.ssh/Fronttest.pem\r\n  IdentitiesOnly yes\r\n  ForwardAgent yes\r\n  StrictHostKeyChecking no\r\n  UserKnownHostsFile=/dev/null\r\n  PreferredAuthentications publickey\r\n  ConnectTimeout 10\r\n  ServerAliveInterval 30\r\n  ServerAliveCountMax 3\r\n\r\n# Any RFC1918 targets go via bastion\r\nHost 10.* 192.168.* 172.16.* 172.17.* 172.18.* 172.19.* 172.2[0-9].* 172.3[0-1].*\r\n  User ubuntu\r\n  ProxyJump prod-non\r\n  ForwardAgent yes\r\n  IdentitiesOnly yes\r\n  StrictHostKeyChecking no\r\n  UserKnownHostsFile=/dev/null\r\n  PreferredAuthentications publickey\r\n  ConnectTimeout 10\r\n  ServerAliveInterval 30\r\n  ServerAliveCountMax 3\r\n\r\n# Safety default so Ansible never falls back to passwords and hangs\r\nHost *\r\n  BatchMode yes\r\n  IdentitiesOnly yes\r\n",
            "content_base64": null,
            "content_base64sha256": "qiolOpTpHWWiyIgw/OR4FWrnCDtnhyUpK3sa5NE03DM=",
            "content_base64sha512": "UMDuskAvViIovYxzv120kvCDfzWqRZRx4F9KEDsfTgz78HpabPUce/FLUXl7uBZzavjQdqlFM84JQBQGuIcntA==",
            "content_md5": "c0db33b3e17e0c7812ae4573aff735e0",
            "content_sha1": "2d68d5390a719b291caa4737ad6c83a6db17fd5f",
            "content_sha256": "aa2a253a94e91d65a2c88830fce478156ae7083b678725292b7b1ae4d134dc33",
            "content_sha512": "50c0eeb2402f562228bd8c73bf5db492f0837f35aa459471e05f4a103b1f4e0cfbf07a5a6cf51c7bf14b51797bb816736af8d076a94533ce09401406b88727b4",
            "directory_permission": "0777",
            "file_permission": "0777",
            "filename": "./ssh_config",
            "id": "2d68d5390a719b291caa4737ad6c83a6db17fd5f",
            "sensitive_content": null,
            "source": null
          },
          "sensitive_attributes": [
            [
              {
                "type": "get_attr",
                "value": "sensitive_content"
              }
            ]
          ],
          "identity_schema_version": 0,
          "dependencies": [
            "openstack_networking_floatingip_v2.fip_prod_non"
          ]
        }
      ]
    },
    {
      "mode": "managed",
      "type": "null_resource",
      "name": "run_ansible",
      "provider": "provider[\"registry.terraform.io/hashicorp/null\"]",
      "instances": [
        {
          "status": "tainted",
          "schema_version": 0,
          "attributes": {
            "id": "6925045136226038445",
            "triggers": {
              "inv_sha": "8a041ab3cb7243c710046242b01315a37e000854",
              "site_sha": "098abfc3c59fd98441f79ebd9af671cdccc14126",
              "ssh_sha": "2d68d5390a719b291caa4737ad6c83a6db17fd5f"
            }
          },
          "sensitive_attributes": [],
          "identity_schema_version": 0,
          "dependencies": [
            "local_file.ssh_config",
            "openstack_networking_floatingip_v2.fip_prod_non"
          ]
        }
      ]
    },
    {
      "mode": "managed",
      "type": "openstack_compute_instance_v2",
      "name": "argocd_non",
      "provider": "provider[\"registry.terraform.io/terraform-provider-openstack/openstack\"]",
      "instances": [
        {
          "schema_version": 0,
          "attributes": {
            "access_ip_v4": "10.0.0.5",
            "access_ip_v6": "",
            "admin_pass": null,
            "all_metadata": {},
            "all_tags": [],
            "availability_zone": "NCP-NON",
            "availability_zone_hints": null,
            "block_device": [
              {
                "boot_index": 0,
                "delete_on_termination": true,
                "destination_type": "volume",
                "device_type": "",
                "disk_bus": "",
                "guest_format": "",
                "multiattach": false,
                "source_type": "image",
                "uuid": "30c876dd-4470-47d8-b13a-df5f18c85ba4",
                "volume_size": 100,
                "volume_type": ""
              }
            ],
            "config_drive": null,
            "created": "2025-10-28 06:54:29 +0000 UTC",
            "flavor_id": "6312603a-f43b-4219-b460-6d9bb983d72b",
            "flavor_name": "csa.large.v2",
            "force_delete": false,
            "id": "5ce723bc-d6fe-4321-8122-68598fec5112",
            "image_id": "Attempt to boot from volume - no image supplied",
            "image_name": null,
            "key_pair": "Fronttest-WSL",
            "metadata": null,
            "name": "ArgoCD-NON",
            "network": [
              {
                "access_network": false,
                "fixed_ip_v4": "10.0.0.5",
                "fixed_ip_v6": "",
                "mac": "02:7d:0c:30:14:11",
                "name": "k0s-vpc-network",
                "port": "7d0c3014-110b-4312-ab7b-036372256b86",
                "uuid": "57cd5fa9-73ce-4ae6-8df5-558650fc5005"
              }
            ],
            "network_mode": null,
            "personality": [],
            "power_state": "active",
            "region": "NCP-TH",
            "scheduler_hints": [],
            "security_groups": [
              "k0s-cluster-sg"
            ],
            "stop_before_destroy": false,
            "tags": [],
            "timeouts": null,
            "updated": "2025-10-28 06:57:37 +0000 UTC",
            "user_data": null,
            "vendor_options": []
          },
          "sensitive_attributes": [
            [
              {
                "type": "get_attr",
                "value": "admin_pass"
              }
            ]
          ],
          "identity_schema_version": 0,
          "private": "eyJlMmJmYjczMC1lY2FhLTExZTYtOGY4OC0zNDM2M2JjN2M0YzAiOnsiY3JlYXRlIjoxODAwMDAwMDAwMDAwLCJkZWxldGUiOjE4MDAwMDAwMDAwMDAsInVwZGF0ZSI6MTgwMDAwMDAwMDAwMH19",
          "dependencies": [
            "data.openstack_compute_keypair_v2.keypair",
            "openstack_networking_network_v2.network",
            "openstack_networking_port_v2.port_argocd_non",
            "openstack_networking_secgroup_v2.secgroup_1",
            "openstack_networking_subnet_v2.subnet"
          ]
        }
      ]
    },
    {
      "mode": "managed",
      "type": "openstack_compute_instance_v2",
      "name": "control_plane_bkk",
      "provider": "provider[\"registry.terraform.io/terraform-provider-openstack/openstack\"]",
      "instances": [
        {
          "schema_version": 0,
          "attributes": {
            "access_ip_v4": "10.0.0.3",
            "access_ip_v6": "",
            "admin_pass": null,
            "all_metadata": {},
            "all_tags": [],
            "availability_zone": "NCP-BKK",
            "availability_zone_hints": null,
            "block_device": [
              {
                "boot_index": 0,
                "delete_on_termination": true,
                "destination_type": "volume",
                "device_type": "",
                "disk_bus": "",
                "guest_format": "",
                "multiattach": false,
                "source_type": "image",
                "uuid": "30c876dd-4470-47d8-b13a-df5f18c85ba4",
                "volume_size": 100,
                "volume_type": ""
              }
            ],
            "config_drive": null,
            "created": "2025-10-28 06:54:29 +0000 UTC",
            "flavor_id": "6312603a-f43b-4219-b460-6d9bb983d72b",
            "flavor_name": "csa.large.v2",
            "force_delete": false,
            "id": "8aa0f4bc-da3a-43fd-8443-89217ea34481",
            "image_id": "Attempt to boot from volume - no image supplied",
            "image_name": null,
            "key_pair": "Fronttest-WSL",
            "metadata": null,
            "name": "Master-BKK",
            "network": [
              {
                "access_network": false,
                "fixed_ip_v4": "10.0.0.3",
                "fixed_ip_v6": "",
                "mac": "02:9f:10:64:68:54",
                "name": "k0s-vpc-network",
                "port": "9f106468-5427-48f4-b397-c99c55c5fb90",
                "uuid": "57cd5fa9-73ce-4ae6-8df5-558650fc5005"
              }
            ],
            "network_mode": null,
            "personality": [],
            "power_state": "active",
            "region": "NCP-TH",
            "scheduler_hints": [],
            "security_groups": [
              "k0s-cluster-sg"
            ],
            "stop_before_destroy": false,
            "tags": [],
            "timeouts": null,
            "updated": "2025-10-28 06:58:42 +0000 UTC",
            "user_data": null,
            "vendor_options": []
          },
          "sensitive_attributes": [
            [
              {
                "type": "get_attr",
                "value": "admin_pass"
              }
            ]
          ],
          "identity_schema_version": 0,
          "private": "eyJlMmJmYjczMC1lY2FhLTExZTYtOGY4OC0zNDM2M2JjN2M0YzAiOnsiY3JlYXRlIjoxODAwMDAwMDAwMDAwLCJkZWxldGUiOjE4MDAwMDAwMDAwMDAsInVwZGF0ZSI6MTgwMDAwMDAwMDAwMH19",
          "dependencies": [
            "data.openstack_compute_keypair_v2.keypair",
            "openstack_networking_network_v2.network",
            "openstack_networking_port_v2.port_master_bkk",
            "openstack_networking_secgroup_v2.secgroup_1",
            "openstack_networking_subnet_v2.subnet"
          ]
        }
      ]
    },
    {
      "mode": "managed",
      "type": "openstack_compute_instance_v2",
      "name": "control_plane_non",
      "provider": "provider[\"registry.terraform.io/terraform-provider-openstack/openstack\"]",
      "instances": [
        {
          "schema_version": 0,
          "attributes": {
            "access_ip_v4": "10.0.0.9",
            "access_ip_v6": "",
            "admin_pass": null,
            "all_metadata": {},
            "all_tags": [],
            "availability_zone": "NCP-NON",
            "availability_zone_hints": null,
            "block_device": [
              {
                "boot_index": 0,
                "delete_on_termination": true,
                "destination_type": "volume",
                "device_type": "",
                "disk_bus": "",
                "guest_format": "",
                "multiattach": false,
                "source_type": "image",
                "uuid": "30c876dd-4470-47d8-b13a-df5f18c85ba4",
                "volume_size": 100,
                "volume_type": ""
              }
            ],
            "config_drive": null,
            "created": "2025-10-28 06:54:29 +0000 UTC",
            "flavor_id": "6312603a-f43b-4219-b460-6d9bb983d72b",
            "flavor_name": "csa.large.v2",
            "force_delete": false,
            "id": "108cd9a1-fed9-466f-bf16-cb378f0a77ff",
            "image_id": "Attempt to boot from volume - no image supplied",
            "image_name": null,
            "key_pair": "Fronttest-WSL",
            "metadata": null,
            "name": "Master-NON",
            "network": [
              {
                "access_network": false,
                "fixed_ip_v4": "10.0.0.9",
                "fixed_ip_v6": "",
                "mac": "02:ff:56:47:c5:e6",
                "name": "k0s-vpc-network",
                "port": "ff5647c5-e6f1-4a6f-a762-ea8ae2c8778f",
                "uuid": "57cd5fa9-73ce-4ae6-8df5-558650fc5005"
              }
            ],
            "network_mode": null,
            "personality": [],
            "power_state": "active",
            "region": "NCP-TH",
            "scheduler_hints": [],
            "security_groups": [
              "k0s-cluster-sg"
            ],
            "stop_before_destroy": false,
            "tags": [],
            "timeouts": null,
            "updated": "2025-10-28 06:57:14 +0000 UTC",
            "user_data": null,
            "vendor_options": []
          },
          "sensitive_attributes": [
            [
              {
                "type": "get_attr",
                "value": "admin_pass"
              }
            ]
          ],
          "identity_schema_version": 0,
          "private": "eyJlMmJmYjczMC1lY2FhLTExZTYtOGY4OC0zNDM2M2JjN2M0YzAiOnsiY3JlYXRlIjoxODAwMDAwMDAwMDAwLCJkZWxldGUiOjE4MDAwMDAwMDAwMDAsInVwZGF0ZSI6MTgwMDAwMDAwMDAwMH19",
          "dependencies": [
            "data.openstack_compute_keypair_v2.keypair",
            "openstack_networking_network_v2.network",
            "openstack_networking_port_v2.port_master_non",
            "openstack_networking_secgroup_v2.secgroup_1",
            "openstack_networking_subnet_v2.subnet"
          ]
        }
      ]
    },
    {
      "mode": "managed",
      "type": "openstack_compute_instance_v2",
      "name": "prod_non",
      "provider": "provider[\"registry.terraform.io/terraform-provider-openstack/openstack\"]",
      "instances": [
        {
          "schema_version": 0,
          "attributes": {
            "access_ip_v4": "10.0.0.7",
            "access_ip_v6": "",
            "admin_pass": null,
            "all_metadata": {},
            "all_tags": [],
            "availability_zone": "NCP-NON",
            "availability_zone_hints": null,
            "block_device": [
              {
                "boot_index": 0,
                "delete_on_termination": true,
                "destination_type": "volume",
                "device_type": "",
                "disk_bus": "",
                "guest_format": "",
                "multiattach": false,
                "source_type": "image",
                "uuid": "30c876dd-4470-47d8-b13a-df5f18c85ba4",
                "volume_size": 100,
                "volume_type": ""
              }
            ],
            "config_drive": null,
            "created": "2025-10-28 06:54:29 +0000 UTC",
            "flavor_id": "6312603a-f43b-4219-b460-6d9bb983d72b",
            "flavor_name": "csa.large.v2",
            "force_delete": false,
            "id": "9ca7d2a9-07bd-49f3-9604-ee39c4e383e1",
            "image_id": "Attempt to boot from volume - no image supplied",
            "image_name": null,
            "key_pair": "Fronttest-WSL",
            "metadata": null,
            "name": "Prod-NON",
            "network": [
              {
                "access_network": false,
                "fixed_ip_v4": "10.0.0.7",
                "fixed_ip_v6": "",
                "mac": "02:ee:c5:a6:2e:9e",
                "name": "k0s-vpc-network",
                "port": "eec5a62e-9ed2-4498-a27d-db69d0d614c7",
                "uuid": "57cd5fa9-73ce-4ae6-8df5-558650fc5005"
              }
            ],
            "network_mode": null,
            "personality": [],
            "power_state": "active",
            "region": "NCP-TH",
            "scheduler_hints": [],
            "security_groups": [
              "allow-ssh",
              "k0s-cluster-sg"
            ],
            "stop_before_destroy": false,
            "tags": [],
            "timeouts": null,
            "updated": "2025-10-28 06:55:33 +0000 UTC",
            "user_data": null,
            "vendor_options": []
          },
          "sensitive_attributes": [
            [
              {
                "type": "get_attr",
                "value": "admin_pass"
              }
            ]
          ],
          "identity_schema_version": 0,
          "private": "eyJlMmJmYjczMC1lY2FhLTExZTYtOGY4OC0zNDM2M2JjN2M0YzAiOnsiY3JlYXRlIjoxODAwMDAwMDAwMDAwLCJkZWxldGUiOjE4MDAwMDAwMDAwMDAsInVwZGF0ZSI6MTgwMDAwMDAwMDAwMH19",
          "dependencies": [
            "data.openstack_compute_keypair_v2.keypair",
            "openstack_networking_network_v2.network",
            "openstack_networking_port_v2.port_prod_non",
            "openstack_networking_secgroup_v2.secgroup_1",
            "openstack_networking_subnet_v2.subnet"
          ]
        }
      ]
    },
    {
      "mode": "managed",
      "type": "openstack_compute_instance_v2",
      "name": "worker_1_bkk",
      "provider": "provider[\"registry.terraform.io/terraform-provider-openstack/openstack\"]",
      "instances": [
        {
          "schema_version": 0,
          "attributes": {
            "access_ip_v4": "10.0.0.8",
            "access_ip_v6": "",
            "admin_pass": null,
            "all_metadata": {},
            "all_tags": [],
            "availability_zone": "NCP-BKK",
            "availability_zone_hints": null,
            "block_device": [
              {
                "boot_index": 0,
                "delete_on_termination": true,
                "destination_type": "volume",
                "device_type": "",
                "disk_bus": "",
                "guest_format": "",
                "multiattach": false,
                "source_type": "image",
                "uuid": "30c876dd-4470-47d8-b13a-df5f18c85ba4",
                "volume_size": 100,
                "volume_type": ""
              }
            ],
            "config_drive": null,
            "created": "2025-10-28 06:54:29 +0000 UTC",
            "flavor_id": "6312603a-f43b-4219-b460-6d9bb983d72b",
            "flavor_name": "csa.large.v2",
            "force_delete": false,
            "id": "de88e10c-557d-48eb-8807-1d8bdd08f9c2",
            "image_id": "Attempt to boot from volume - no image supplied",
            "image_name": null,
            "key_pair": "Fronttest-WSL",
            "metadata": null,
            "name": "Worker-1-BKK",
            "network": [
              {
                "access_network": false,
                "fixed_ip_v4": "10.0.0.8",
                "fixed_ip_v6": "",
                "mac": "02:68:5e:d6:6e:7b",
                "name": "k0s-vpc-network",
                "port": "685ed66e-7b34-4c6a-b9bc-f8891805bc69",
                "uuid": "57cd5fa9-73ce-4ae6-8df5-558650fc5005"
              }
            ],
            "network_mode": null,
            "personality": [],
            "power_state": "active",
            "region": "NCP-TH",
            "scheduler_hints": [],
            "security_groups": [
              "k0s-cluster-sg"
            ],
            "stop_before_destroy": false,
            "tags": [],
            "timeouts": null,
            "updated": "2025-10-28 06:58:13 +0000 UTC",
            "user_data": null,
            "vendor_options": []
          },
          "sensitive_attributes": [
            [
              {
                "type": "get_attr",
                "value": "admin_pass"
              }
            ]
          ],
          "identity_schema_version": 0,
          "private": "eyJlMmJmYjczMC1lY2FhLTExZTYtOGY4OC0zNDM2M2JjN2M0YzAiOnsiY3JlYXRlIjoxODAwMDAwMDAwMDAwLCJkZWxldGUiOjE4MDAwMDAwMDAwMDAsInVwZGF0ZSI6MTgwMDAwMDAwMDAwMH19",
          "dependencies": [
            "data.openstack_compute_keypair_v2.keypair",
            "openstack_networking_network_v2.network",
            "openstack_networking_port_v2.port_worker_1_bkk",
            "openstack_networking_secgroup_v2.secgroup_1",
            "openstack_networking_subnet_v2.subnet"
          ]
        }
      ]
    },
    {
      "mode": "managed",
      "type": "openstack_compute_instance_v2",
      "name": "worker_1_non",
      "provider": "provider[\"registry.terraform.io/terraform-provider-openstack/openstack\"]",
      "instances": [
        {
          "schema_version": 0,
          "attributes": {
            "access_ip_v4": "10.0.0.6",
            "access_ip_v6": "",
            "admin_pass": null,
            "all_metadata": {},
            "all_tags": [],
            "availability_zone": "NCP-NON",
            "availability_zone_hints": null,
            "block_device": [
              {
                "boot_index": 0,
                "delete_on_termination": true,
                "destination_type": "volume",
                "device_type": "",
                "disk_bus": "",
                "guest_format": "",
                "multiattach": false,
                "source_type": "image",
                "uuid": "30c876dd-4470-47d8-b13a-df5f18c85ba4",
                "volume_size": 100,
                "volume_type": ""
              }
            ],
            "config_drive": null,
            "created": "2025-10-28 06:54:31 +0000 UTC",
            "flavor_id": "6312603a-f43b-4219-b460-6d9bb983d72b",
            "flavor_name": "csa.large.v2",
            "force_delete": false,
            "id": "ad0b3073-d7aa-4cf4-95ed-165fe89a2ce7",
            "image_id": "Attempt to boot from volume - no image supplied",
            "image_name": null,
            "key_pair": "Fronttest-WSL",
            "metadata": null,
            "name": "worker-1-NON",
            "network": [
              {
                "access_network": false,
                "fixed_ip_v4": "10.0.0.6",
                "fixed_ip_v6": "",
                "mac": "02:cc:92:31:23:5e",
                "name": "k0s-vpc-network",
                "port": "cc923123-5e96-4bc1-b26b-3f71c8b02e1a",
                "uuid": "57cd5fa9-73ce-4ae6-8df5-558650fc5005"
              }
            ],
            "network_mode": null,
            "personality": [],
            "power_state": "active",
            "region": "NCP-TH",
            "scheduler_hints": [],
            "security_groups": [
              "k0s-cluster-sg"
            ],
            "stop_before_destroy": false,
            "tags": [],
            "timeouts": null,
            "updated": "2025-10-28 06:57:05 +0000 UTC",
            "user_data": null,
            "vendor_options": []
          },
          "sensitive_attributes": [
            [
              {
                "type": "get_attr",
                "value": "admin_pass"
              }
            ]
          ],
          "identity_schema_version": 0,
          "private": "eyJlMmJmYjczMC1lY2FhLTExZTYtOGY4OC0zNDM2M2JjN2M0YzAiOnsiY3JlYXRlIjoxODAwMDAwMDAwMDAwLCJkZWxldGUiOjE4MDAwMDAwMDAwMDAsInVwZGF0ZSI6MTgwMDAwMDAwMDAwMH19",
          "dependencies": [
            "data.openstack_compute_keypair_v2.keypair",
            "openstack_networking_network_v2.network",
            "openstack_networking_port_v2.port_worker_1_non",
            "openstack_networking_secgroup_v2.secgroup_1",
            "openstack_networking_subnet_v2.subnet"
          ]
        }
      ]
    },
    {
      "mode": "managed",
      "type": "openstack_compute_instance_v2",
      "name": "worker_2_bkk",
      "provider": "provider[\"registry.terraform.io/terraform-provider-openstack/openstack\"]",
      "instances": [
        {
          "schema_version": 0,
          "attributes": {
            "access_ip_v4": "10.0.0.2",
            "access_ip_v6": "",
            "admin_pass": null,
            "all_metadata": {},
            "all_tags": [],
            "availability_zone": "NCP-BKK",
            "availability_zone_hints": null,
            "block_device": [
              {
                "boot_index": 0,
                "delete_on_termination": true,
                "destination_type": "volume",
                "device_type": "",
                "disk_bus": "",
                "guest_format": "",
                "multiattach": false,
                "source_type": "image",
                "uuid": "30c876dd-4470-47d8-b13a-df5f18c85ba4",
                "volume_size": 100,
                "volume_type": ""
              }
            ],
            "config_drive": null,
            "created": "2025-10-28 06:54:29 +0000 UTC",
            "flavor_id": "6312603a-f43b-4219-b460-6d9bb983d72b",
            "flavor_name": "csa.large.v2",
            "force_delete": false,
            "id": "e95a563f-58e1-4730-b396-118bdb8c1f40",
            "image_id": "Attempt to boot from volume - no image supplied",
            "image_name": null,
            "key_pair": "Fronttest-WSL",
            "metadata": null,
            "name": "Worker-2-BKK",
            "network": [
              {
                "access_network": false,
                "fixed_ip_v4": "10.0.0.2",
                "fixed_ip_v6": "",
                "mac": "02:0b:45:64:9b:3c",
                "name": "k0s-vpc-network",
                "port": "0b45649b-3c7b-4790-a6c4-5f54a1021806",
                "uuid": "57cd5fa9-73ce-4ae6-8df5-558650fc5005"
              }
            ],
            "network_mode": null,
            "personality": [],
            "power_state": "active",
            "region": "NCP-TH",
            "scheduler_hints": [],
            "security_groups": [
              "k0s-cluster-sg"
            ],
            "stop_before_destroy": false,
            "tags": [],
            "timeouts": null,
            "updated": "2025-10-28 06:56:08 +0000 UTC",
            "user_data": null,
            "vendor_options": []
          },
          "sensitive_attributes": [
            [
              {
                "type": "get_attr",
                "value": "admin_pass"
              }
            ]
          ],
          "identity_schema_version": 0,
          "private": "eyJlMmJmYjczMC1lY2FhLTExZTYtOGY4OC0zNDM2M2JjN2M0YzAiOnsiY3JlYXRlIjoxODAwMDAwMDAwMDAwLCJkZWxldGUiOjE4MDAwMDAwMDAwMDAsInVwZGF0ZSI6MTgwMDAwMDAwMDAwMH19",
          "dependencies": [
            "data.openstack_compute_keypair_v2.keypair",
            "openstack_networking_network_v2.network",
            "openstack_networking_port_v2.port_worker_2_bkk",
            "openstack_networking_secgroup_v2.secgroup_1",
            "openstack_networking_subnet_v2.subnet"
          ]
        }
      ]
    },
    {
      "mode": "managed",
      "type": "openstack_compute_instance_v2",
      "name": "worker_2_non",
      "provider": "provider[\"registry.terraform.io/terraform-provider-openstack/openstack\"]",
      "instances": [
        {
          "schema_version": 0,
          "attributes": {
            "access_ip_v4": "10.0.0.4",
            "access_ip_v6": "",
            "admin_pass": null,
            "all_metadata": {},
            "all_tags": [],
            "availability_zone": "NCP-NON",
            "availability_zone_hints": null,
            "block_device": [
              {
                "boot_index": 0,
                "delete_on_termination": true,
                "destination_type": "volume",
                "device_type": "",
                "disk_bus": "",
                "guest_format": "",
                "multiattach": false,
                "source_type": "image",
                "uuid": "30c876dd-4470-47d8-b13a-df5f18c85ba4",
                "volume_size": 100,
                "volume_type": "Premium_SSD"
              }
            ],
            "config_drive": null,
            "created": "2025-10-28 06:54:29 +0000 UTC",
            "flavor_id": "6312603a-f43b-4219-b460-6d9bb983d72b",
            "flavor_name": "csa.large.v2",
            "force_delete": false,
            "id": "52f936cd-062e-433e-aa87-30881398167f",
            "image_id": "Attempt to boot from volume - no image supplied",
            "image_name": null,
            "key_pair": "Fronttest-WSL",
            "metadata": null,
            "name": "worker-2-NON",
            "network": [
              {
                "access_network": false,
                "fixed_ip_v4": "10.0.0.4",
                "fixed_ip_v6": "",
                "mac": "02:89:8c:b8:0d:7d",
                "name": "k0s-vpc-network",
                "port": "898cb80d-7d3f-4b3a-b9c4-a8d01e6ed56a",
                "uuid": "57cd5fa9-73ce-4ae6-8df5-558650fc5005"
              }
            ],
            "network_mode": null,
            "personality": [],
            "power_state": "active",
            "region": "NCP-TH",
            "scheduler_hints": [],
            "security_groups": [
              "k0s-cluster-sg"
            ],
            "stop_before_destroy": false,
            "tags": [],
            "timeouts": null,
            "updated": "2025-10-28 06:56:28 +0000 UTC",
            "user_data": null,
            "vendor_options": []
          },
          "sensitive_attributes": [
            [
              {
                "type": "get_attr",
                "value": "admin_pass"
              }
            ]
          ],
          "identity_schema_version": 0,
          "private": "eyJlMmJmYjczMC1lY2FhLTExZTYtOGY4OC0zNDM2M2JjN2M0YzAiOnsiY3JlYXRlIjoxODAwMDAwMDAwMDAwLCJkZWxldGUiOjE4MDAwMDAwMDAwMDAsInVwZGF0ZSI6MTgwMDAwMDAwMDAwMH19",
          "dependencies": [
            "data.openstack_compute_keypair_v2.keypair",
            "openstack_networking_network_v2.network",
            "openstack_networking_port_v2.port_worker_2_non",
            "openstack_networking_secgroup_v2.secgroup_1",
            "openstack_networking_subnet_v2.subnet"
          ]
        }
      ]
    },
    {
      "mode": "managed",
      "type": "openstack_networking_floatingip_associate_v2",
      "name": "assoc_prod_non",
      "provider": "provider[\"registry.terraform.io/terraform-provider-openstack/openstack\"]",
      "instances": [
        {
          "schema_version": 0,
          "attributes": {
            "fixed_ip": "10.0.0.7",
            "floating_ip": "10.112.2.65",
            "id": "941fe4fd-dde1-4941-90f9-775af349bb51",
            "port_id": "eec5a62e-9ed2-4498-a27d-db69d0d614c7",
            "region": "NCP-TH"
          },
          "sensitive_attributes": [],
          "identity_schema_version": 0,
          "private": "bnVsbA==",
          "dependencies": [
            "openstack_networking_floatingip_v2.fip_prod_non",
            "openstack_networking_network_v2.network",
            "openstack_networking_port_v2.port_prod_non",
            "openstack_networking_secgroup_v2.secgroup_1",
            "openstack_networking_subnet_v2.subnet"
          ]
        }
      ]
    },
    {
      "mode": "managed",
      "type": "openstack_networking_floatingip_v2",
      "name": "fip_prod_non",
      "provider": "provider[\"registry.terraform.io/terraform-provider-openstack/openstack\"]",
      "instances": [
        {
          "schema_version": 0,
          "attributes": {
            "address": "10.112.2.65",
            "all_tags": [],
            "description": "",
            "dns_domain": "",
            "dns_name": "",
            "fixed_ip": "10.0.0.7",
            "id": "941fe4fd-dde1-4941-90f9-775af349bb51",
            "pool": "Standard_Public_IP_Pool_NON",
            "port_id": "eec5a62e-9ed2-4498-a27d-db69d0d614c7",
            "region": "NCP-TH",
            "subnet_id": null,
            "subnet_ids": null,
            "tags": [],
            "tenant_id": "7ff942ee04644ac28a10a871f707f05d",
            "timeouts": null,
            "value_specs": null
          },
          "sensitive_attributes": [],
          "identity_schema_version": 0,
          "private": "eyJlMmJmYjczMC1lY2FhLTExZTYtOGY4OC0zNDM2M2JjN2M0YzAiOnsiY3JlYXRlIjo2MDAwMDAwMDAwMDAsImRlbGV0ZSI6NjAwMDAwMDAwMDAwfX0="
        }
      ]
    },
    {
      "mode": "managed",
      "type": "openstack_networking_network_v2",
      "name": "network",
      "provider": "provider[\"registry.terraform.io/terraform-provider-openstack/openstack\"]",
      "instances": [
        {
          "schema_version": 0,
          "attributes": {
            "admin_state_up": true,
            "all_tags": [],
            "availability_zone_hints": [],
            "description": "",
            "dns_domain": "",
            "external": false,
            "id": "57cd5fa9-73ce-4ae6-8df5-558650fc5005",
            "mtu": 0,
            "name": "k0s-vpc-network",
            "port_security_enabled": true,
            "qos_policy_id": "",
            "region": "NCP-TH",
            "segments": [],
            "shared": false,
            "tags": [],
            "tenant_id": "7ff942ee04644ac28a10a871f707f05d",
            "timeouts": null,
            "transparent_vlan": false,
            "value_specs": null
          },
          "sensitive_attributes": [],
          "identity_schema_version": 0,
          "private": "eyJlMmJmYjczMC1lY2FhLTExZTYtOGY4OC0zNDM2M2JjN2M0YzAiOnsiY3JlYXRlIjo2MDAwMDAwMDAwMDAsImRlbGV0ZSI6NjAwMDAwMDAwMDAwfX0="
        }
      ]
    },
    {
      "mode": "managed",
      "type": "openstack_networking_port_v2",
      "name": "port_argocd_non",
      "provider": "provider[\"registry.terraform.io/terraform-provider-openstack/openstack\"]",
      "instances": [
        {
          "schema_version": 0,
          "attributes": {
            "admin_state_up": true,
            "all_fixed_ips": [
              "10.0.0.5"
            ],
            "all_security_group_ids": [
              "178fcfb7-7462-42ce-996d-c6b1f369f3ca"
            ],
            "all_tags": [],
            "allowed_address_pairs": [],
            "binding": [
              {
                "host_id": "",
                "profile": "",
                "vif_details": {},
                "vif_type": "",
                "vnic_type": "normal"
              }
            ],
            "description": "",
            "device_id": "5ce723bc-d6fe-4321-8122-68598fec5112",
            "device_owner": "compute:NCP-NON",
            "dns_assignment": [],
            "dns_name": "",
            "extra_dhcp_option": [],
            "fixed_ip": [
              {
                "ip_address": "",
                "subnet_id": "f6803d98-44ab-4bae-b170-4fc3b2b4c4a6"
              }
            ],
            "id": "7d0c3014-110b-4312-ab7b-036372256b86",
            "mac_address": "02:7d:0c:30:14:11",
            "name": "port_argocd_NON",
            "network_id": "57cd5fa9-73ce-4ae6-8df5-558650fc5005",
            "no_fixed_ip": null,
            "no_security_groups": null,
            "port_security_enabled": true,
            "qos_policy_id": "",
            "region": "NCP-TH",
            "security_group_ids": [
              "178fcfb7-7462-42ce-996d-c6b1f369f3ca"
            ],
            "tags": [],
            "tenant_id": "7ff942ee04644ac28a10a871f707f05d",
            "timeouts": null,
            "value_specs": null
          },
          "sensitive_attributes": [],
          "identity_schema_version": 0,
          "private": "eyJlMmJmYjczMC1lY2FhLTExZTYtOGY4OC0zNDM2M2JjN2M0YzAiOnsiY3JlYXRlIjo2MDAwMDAwMDAwMDAsImRlbGV0ZSI6NjAwMDAwMDAwMDAwfX0=",
          "dependencies": [
            "openstack_networking_network_v2.network",
            "openstack_networking_secgroup_v2.secgroup_1",
            "openstack_networking_subnet_v2.subnet"
          ]
        }
      ]
    },
    {
      "mode": "managed",
      "type": "openstack_networking_port_v2",
      "name": "port_master_bkk",
      "provider": "provider[\"registry.terraform.io/terraform-provider-openstack/openstack\"]",
      "instances": [
        {
          "schema_version": 0,
          "attributes": {
            "admin_state_up": true,
            "all_fixed_ips": [
              "10.0.0.3"
            ],
            "all_security_group_ids": [
              "178fcfb7-7462-42ce-996d-c6b1f369f3ca"
            ],
            "all_tags": [],
            "allowed_address_pairs": [],
            "binding": [
              {
                "host_id": "",
                "profile": "",
                "vif_details": {},
                "vif_type": "",
                "vnic_type": "normal"
              }
            ],
            "description": "",
            "device_id": "8aa0f4bc-da3a-43fd-8443-89217ea34481",
            "device_owner": "compute:NCP-BKK",
            "dns_assignment": [],
            "dns_name": "",
            "extra_dhcp_option": [],
            "fixed_ip": [
              {
                "ip_address": "",
                "subnet_id": "f6803d98-44ab-4bae-b170-4fc3b2b4c4a6"
              }
            ],
            "id": "9f106468-5427-48f4-b397-c99c55c5fb90",
            "mac_address": "02:9f:10:64:68:54",
            "name": "port_master_BKK",
            "network_id": "57cd5fa9-73ce-4ae6-8df5-558650fc5005",
            "no_fixed_ip": null,
            "no_security_groups": null,
            "port_security_enabled": true,
            "qos_policy_id": "",
            "region": "NCP-TH",
            "security_group_ids": [
              "178fcfb7-7462-42ce-996d-c6b1f369f3ca"
            ],
            "tags": [],
            "tenant_id": "7ff942ee04644ac28a10a871f707f05d",
            "timeouts": null,
            "value_specs": null
          },
          "sensitive_attributes": [],
          "identity_schema_version": 0,
          "private": "eyJlMmJmYjczMC1lY2FhLTExZTYtOGY4OC0zNDM2M2JjN2M0YzAiOnsiY3JlYXRlIjo2MDAwMDAwMDAwMDAsImRlbGV0ZSI6NjAwMDAwMDAwMDAwfX0=",
          "dependencies": [
            "openstack_networking_network_v2.network",
            "openstack_networking_secgroup_v2.secgroup_1",
            "openstack_networking_subnet_v2.subnet"
          ]
        }
      ]
    },
    {
      "mode": "managed",
      "type": "openstack_networking_port_v2",
      "name": "port_master_non",
      "provider": "provider[\"registry.terraform.io/terraform-provider-openstack/openstack\"]",
      "instances": [
        {
          "schema_version": 0,
          "attributes": {
            "admin_state_up": true,
            "all_fixed_ips": [
              "10.0.0.9"
            ],
            "all_security_group_ids": [
              "178fcfb7-7462-42ce-996d-c6b1f369f3ca"
            ],
            "all_tags": [],
            "allowed_address_pairs": [],
            "binding": [
              {
                "host_id": "",
                "profile": "",
                "vif_details": {},
                "vif_type": "",
                "vnic_type": "normal"
              }
            ],
            "description": "",
            "device_id": "108cd9a1-fed9-466f-bf16-cb378f0a77ff",
            "device_owner": "compute:NCP-NON",
            "dns_assignment": [],
            "dns_name": "",
            "extra_dhcp_option": [],
            "fixed_ip": [
              {
                "ip_address": "",
                "subnet_id": "f6803d98-44ab-4bae-b170-4fc3b2b4c4a6"
              }
            ],
            "id": "ff5647c5-e6f1-4a6f-a762-ea8ae2c8778f",
            "mac_address": "02:ff:56:47:c5:e6",
            "name": "port_master_NON",
            "network_id": "57cd5fa9-73ce-4ae6-8df5-558650fc5005",
            "no_fixed_ip": null,
            "no_security_groups": null,
            "port_security_enabled": true,
            "qos_policy_id": "",
            "region": "NCP-TH",
            "security_group_ids": [
              "178fcfb7-7462-42ce-996d-c6b1f369f3ca"
            ],
            "tags": [],
            "tenant_id": "7ff942ee04644ac28a10a871f707f05d",
            "timeouts": null,
            "value_specs": null
          },
          "sensitive_attributes": [],
          "identity_schema_version": 0,
          "private": "eyJlMmJmYjczMC1lY2FhLTExZTYtOGY4OC0zNDM2M2JjN2M0YzAiOnsiY3JlYXRlIjo2MDAwMDAwMDAwMDAsImRlbGV0ZSI6NjAwMDAwMDAwMDAwfX0=",
          "dependencies": [
            "openstack_networking_network_v2.network",
            "openstack_networking_secgroup_v2.secgroup_1",
            "openstack_networking_subnet_v2.subnet"
          ]
        }
      ]
    },
    {
      "mode": "managed",
      "type": "openstack_networking_port_v2",
      "name": "port_prod_non",
      "provider": "provider[\"registry.terraform.io/terraform-provider-openstack/openstack\"]",
      "instances": [
        {
          "schema_version": 0,
          "attributes": {
            "admin_state_up": true,
            "all_fixed_ips": [
              "10.0.0.7"
            ],
            "all_security_group_ids": [
              "178fcfb7-7462-42ce-996d-c6b1f369f3ca",
              "e10eebb2-7385-4e48-b393-9a3f192b064d"
            ],
            "all_tags": [],
            "allowed_address_pairs": [],
            "binding": [
              {
                "host_id": "",
                "profile": "",
                "vif_details": {},
                "vif_type": "",
                "vnic_type": "normal"
              }
            ],
            "description": "",
            "device_id": "9ca7d2a9-07bd-49f3-9604-ee39c4e383e1",
            "device_owner": "compute:NCP-NON",
            "dns_assignment": [],
            "dns_name": "",
            "extra_dhcp_option": [],
            "fixed_ip": [
              {
                "ip_address": "",
                "subnet_id": "f6803d98-44ab-4bae-b170-4fc3b2b4c4a6"
              }
            ],
            "id": "eec5a62e-9ed2-4498-a27d-db69d0d614c7",
            "mac_address": "02:ee:c5:a6:2e:9e",
            "name": "port_prod_NON",
            "network_id": "57cd5fa9-73ce-4ae6-8df5-558650fc5005",
            "no_fixed_ip": null,
            "no_security_groups": null,
            "port_security_enabled": true,
            "qos_policy_id": "",
            "region": "NCP-TH",
            "security_group_ids": [
              "178fcfb7-7462-42ce-996d-c6b1f369f3ca"
            ],
            "tags": [],
            "tenant_id": "7ff942ee04644ac28a10a871f707f05d",
            "timeouts": null,
            "value_specs": null
          },
          "sensitive_attributes": [],
          "identity_schema_version": 0,
          "private": "eyJlMmJmYjczMC1lY2FhLTExZTYtOGY4OC0zNDM2M2JjN2M0YzAiOnsiY3JlYXRlIjo2MDAwMDAwMDAwMDAsImRlbGV0ZSI6NjAwMDAwMDAwMDAwfX0=",
          "dependencies": [
            "openstack_networking_network_v2.network",
            "openstack_networking_secgroup_v2.secgroup_1",
            "openstack_networking_subnet_v2.subnet"
          ]
        }
      ]
    },
    {
      "mode": "managed",
      "type": "openstack_networking_port_v2",
      "name": "port_worker_1_bkk",
      "provider": "provider[\"registry.terraform.io/terraform-provider-openstack/openstack\"]",
      "instances": [
        {
          "schema_version": 0,
          "attributes": {
            "admin_state_up": true,
            "all_fixed_ips": [
              "10.0.0.8"
            ],
            "all_security_group_ids": [
              "178fcfb7-7462-42ce-996d-c6b1f369f3ca"
            ],
            "all_tags": [],
            "allowed_address_pairs": [],
            "binding": [
              {
                "host_id": "",
                "profile": "",
                "vif_details": {},
                "vif_type": "",
                "vnic_type": "normal"
              }
            ],
            "description": "",
            "device_id": "de88e10c-557d-48eb-8807-1d8bdd08f9c2",
            "device_owner": "compute:NCP-BKK",
            "dns_assignment": [],
            "dns_name": "",
            "extra_dhcp_option": [],
            "fixed_ip": [
              {
                "ip_address": "",
                "subnet_id": "f6803d98-44ab-4bae-b170-4fc3b2b4c4a6"
              }
            ],
            "id": "685ed66e-7b34-4c6a-b9bc-f8891805bc69",
            "mac_address": "02:68:5e:d6:6e:7b",
            "name": "port_worker_1_BKK",
            "network_id": "57cd5fa9-73ce-4ae6-8df5-558650fc5005",
            "no_fixed_ip": null,
            "no_security_groups": null,
            "port_security_enabled": true,
            "qos_policy_id": "",
            "region": "NCP-TH",
            "security_group_ids": [
              "178fcfb7-7462-42ce-996d-c6b1f369f3ca"
            ],
            "tags": [],
            "tenant_id": "7ff942ee04644ac28a10a871f707f05d",
            "timeouts": null,
            "value_specs": null
          },
          "sensitive_attributes": [],
          "identity_schema_version": 0,
          "private": "eyJlMmJmYjczMC1lY2FhLTExZTYtOGY4OC0zNDM2M2JjN2M0YzAiOnsiY3JlYXRlIjo2MDAwMDAwMDAwMDAsImRlbGV0ZSI6NjAwMDAwMDAwMDAwfX0=",
          "dependencies": [
            "openstack_networking_network_v2.network",
            "openstack_networking_secgroup_v2.secgroup_1",
            "openstack_networking_subnet_v2.subnet"
          ]
        }
      ]
    },
    {
      "mode": "managed",
      "type": "openstack_networking_port_v2",
      "name": "port_worker_1_non",
      "provider": "provider[\"registry.terraform.io/terraform-provider-openstack/openstack\"]",
      "instances": [
        {
          "schema_version": 0,
          "attributes": {
            "admin_state_up": true,
            "all_fixed_ips": [
              "10.0.0.6"
            ],
            "all_security_group_ids": [
              "178fcfb7-7462-42ce-996d-c6b1f369f3ca"
            ],
            "all_tags": [],
            "allowed_address_pairs": [],
            "binding": [
              {
                "host_id": "",
                "profile": "",
                "vif_details": {},
                "vif_type": "",
                "vnic_type": "normal"
              }
            ],
            "description": "",
            "device_id": "ad0b3073-d7aa-4cf4-95ed-165fe89a2ce7",
            "device_owner": "compute:NCP-NON",
            "dns_assignment": [],
            "dns_name": "",
            "extra_dhcp_option": [],
            "fixed_ip": [
              {
                "ip_address": "",
                "subnet_id": "f6803d98-44ab-4bae-b170-4fc3b2b4c4a6"
              }
            ],
            "id": "cc923123-5e96-4bc1-b26b-3f71c8b02e1a",
            "mac_address": "02:cc:92:31:23:5e",
            "name": "port_worker_1_NON",
            "network_id": "57cd5fa9-73ce-4ae6-8df5-558650fc5005",
            "no_fixed_ip": null,
            "no_security_groups": null,
            "port_security_enabled": true,
            "qos_policy_id": "",
            "region": "NCP-TH",
            "security_group_ids": [
              "178fcfb7-7462-42ce-996d-c6b1f369f3ca"
            ],
            "tags": [],
            "tenant_id": "7ff942ee04644ac28a10a871f707f05d",
            "timeouts": null,
            "value_specs": null
          },
          "sensitive_attributes": [],
          "identity_schema_version": 0,
          "private": "eyJlMmJmYjczMC1lY2FhLTExZTYtOGY4OC0zNDM2M2JjN2M0YzAiOnsiY3JlYXRlIjo2MDAwMDAwMDAwMDAsImRlbGV0ZSI6NjAwMDAwMDAwMDAwfX0=",
          "dependencies": [
            "openstack_networking_network_v2.network",
            "openstack_networking_secgroup_v2.secgroup_1",
            "openstack_networking_subnet_v2.subnet"
          ]
        }
      ]
    },
    {
      "mode": "managed",
      "type": "openstack_networking_port_v2",
      "name": "port_worker_2_bkk",
      "provider": "provider[\"registry.terraform.io/terraform-provider-openstack/openstack\"]",
      "instances": [
        {
          "schema_version": 0,
          "attributes": {
            "admin_state_up": true,
            "all_fixed_ips": [
              "10.0.0.2"
            ],
            "all_security_group_ids": [
              "178fcfb7-7462-42ce-996d-c6b1f369f3ca"
            ],
            "all_tags": [],
            "allowed_address_pairs": [],
            "binding": [
              {
                "host_id": "",
                "profile": "",
                "vif_details": {},
                "vif_type": "",
                "vnic_type": "normal"
              }
            ],
            "description": "",
            "device_id": "e95a563f-58e1-4730-b396-118bdb8c1f40",
            "device_owner": "compute:NCP-BKK",
            "dns_assignment": [],
            "dns_name": "",
            "extra_dhcp_option": [],
            "fixed_ip": [
              {
                "ip_address": "",
                "subnet_id": "f6803d98-44ab-4bae-b170-4fc3b2b4c4a6"
              }
            ],
            "id": "0b45649b-3c7b-4790-a6c4-5f54a1021806",
            "mac_address": "02:0b:45:64:9b:3c",
            "name": "port_worker_2_BKK",
            "network_id": "57cd5fa9-73ce-4ae6-8df5-558650fc5005",
            "no_fixed_ip": null,
            "no_security_groups": null,
            "port_security_enabled": true,
            "qos_policy_id": "",
            "region": "NCP-TH",
            "security_group_ids": [
              "178fcfb7-7462-42ce-996d-c6b1f369f3ca"
            ],
            "tags": [],
            "tenant_id": "7ff942ee04644ac28a10a871f707f05d",
            "timeouts": null,
            "value_specs": null
          },
          "sensitive_attributes": [],
          "identity_schema_version": 0,
          "private": "eyJlMmJmYjczMC1lY2FhLTExZTYtOGY4OC0zNDM2M2JjN2M0YzAiOnsiY3JlYXRlIjo2MDAwMDAwMDAwMDAsImRlbGV0ZSI6NjAwMDAwMDAwMDAwfX0=",
          "dependencies": [
            "openstack_networking_network_v2.network",
            "openstack_networking_secgroup_v2.secgroup_1",
            "openstack_networking_subnet_v2.subnet"
          ]
        }
      ]
    },
    {
      "mode": "managed",
      "type": "openstack_networking_port_v2",
      "name": "port_worker_2_non",
      "provider": "provider[\"registry.terraform.io/terraform-provider-openstack/openstack\"]",
      "instances": [
        {
          "schema_version": 0,
          "attributes": {
            "admin_state_up": true,
            "all_fixed_ips": [
              "10.0.0.4"
            ],
            "all_security_group_ids": [
              "178fcfb7-7462-42ce-996d-c6b1f369f3ca"
            ],
            "all_tags": [],
            "allowed_address_pairs": [],
            "binding": [
              {
                "host_id": "",
                "profile": "",
                "vif_details": {},
                "vif_type": "",
                "vnic_type": "normal"
              }
            ],
            "description": "",
            "device_id": "52f936cd-062e-433e-aa87-30881398167f",
            "device_owner": "compute:NCP-NON",
            "dns_assignment": [],
            "dns_name": "",
            "extra_dhcp_option": [],
            "fixed_ip": [
              {
                "ip_address": "",
                "subnet_id": "f6803d98-44ab-4bae-b170-4fc3b2b4c4a6"
              }
            ],
            "id": "898cb80d-7d3f-4b3a-b9c4-a8d01e6ed56a",
            "mac_address": "02:89:8c:b8:0d:7d",
            "name": "port_worker_2_NON",
            "network_id": "57cd5fa9-73ce-4ae6-8df5-558650fc5005",
            "no_fixed_ip": null,
            "no_security_groups": null,
            "port_security_enabled": true,
            "qos_policy_id": "",
            "region": "NCP-TH",
            "security_group_ids": [
              "178fcfb7-7462-42ce-996d-c6b1f369f3ca"
            ],
            "tags": [],
            "tenant_id": "7ff942ee04644ac28a10a871f707f05d",
            "timeouts": null,
            "value_specs": null
          },
          "sensitive_attributes": [],
          "identity_schema_version": 0,
          "private": "eyJlMmJmYjczMC1lY2FhLTExZTYtOGY4OC0zNDM2M2JjN2M0YzAiOnsiY3JlYXRlIjo2MDAwMDAwMDAwMDAsImRlbGV0ZSI6NjAwMDAwMDAwMDAwfX0=",
          "dependencies": [
            "openstack_networking_network_v2.network",
            "openstack_networking_secgroup_v2.secgroup_1",
            "openstack_networking_subnet_v2.subnet"
          ]
        }
      ]
    },
    {
      "mode": "managed",
      "type": "openstack_networking_router_interface_v2",
      "name": "router_non_if",
      "provider": "provider[\"registry.terraform.io/terraform-provider-openstack/openstack\"]",
      "instances": [
        {
          "schema_version": 0,
          "attributes": {
            "force_destroy": false,
            "id": "e0bbc985-34be-464a-b6b8-cd8e8c3e39a9",
            "port_id": "e0bbc985-34be-464a-b6b8-cd8e8c3e39a9",
            "region": "NCP-TH",
            "router_id": "9b66a343-a229-452e-be00-333a2b64a925",
            "subnet_id": "f6803d98-44ab-4bae-b170-4fc3b2b4c4a6",
            "timeouts": null
          },
          "sensitive_attributes": [],
          "identity_schema_version": 0,
          "private": "eyJlMmJmYjczMC1lY2FhLTExZTYtOGY4OC0zNDM2M2JjN2M0YzAiOnsiY3JlYXRlIjo2MDAwMDAwMDAwMDAsImRlbGV0ZSI6NjAwMDAwMDAwMDAwfX0=",
          "dependencies": [
            "data.openstack_networking_router_v2.router_non",
            "openstack_networking_network_v2.network",
            "openstack_networking_subnet_v2.subnet"
          ]
        }
      ]
    },
    {
      "mode": "managed",
      "type": "openstack_networking_secgroup_rule_v2",
      "name": "cm_sched_internal",
      "provider": "provider[\"registry.terraform.io/terraform-provider-openstack/openstack\"]",
      "instances": [
        {
          "schema_version": 0,
          "attributes": {
            "description": "",
            "direction": "ingress",
            "ethertype": "IPv4",
            "id": "501f3e67-77ba-4859-90bd-cbf271bbd4d3",
            "port_range_max": 10259,
            "port_range_min": 10257,
            "protocol": "tcp",
            "region": "NCP-TH",
            "remote_group_id": "",
            "remote_ip_prefix": "10.0.0.0/24",
            "security_group_id": "178fcfb7-7462-42ce-996d-c6b1f369f3ca",
            "tenant_id": "7ff942ee04644ac28a10a871f707f05d",
            "timeouts": null
          },
          "sensitive_attributes": [],
          "identity_schema_version": 0,
          "private": "eyJlMmJmYjczMC1lY2FhLTExZTYtOGY4OC0zNDM2M2JjN2M0YzAiOnsiZGVsZXRlIjo2MDAwMDAwMDAwMDB9fQ==",
          "dependencies": [
            "openstack_networking_secgroup_v2.secgroup_1"
          ]
        }
      ]
    },
    {
      "mode": "managed",
      "type": "openstack_networking_secgroup_rule_v2",
      "name": "etcd_internal",
      "provider": "provider[\"registry.terraform.io/terraform-provider-openstack/openstack\"]",
      "instances": [
        {
          "schema_version": 0,
          "attributes": {
            "description": "",
            "direction": "ingress",
            "ethertype": "IPv4",
            "id": "c891e223-2273-436a-9e3a-c4d3c584669c",
            "port_range_max": 2380,
            "port_range_min": 2379,
            "protocol": "tcp",
            "region": "NCP-TH",
            "remote_group_id": "",
            "remote_ip_prefix": "10.0.0.0/24",
            "security_group_id": "178fcfb7-7462-42ce-996d-c6b1f369f3ca",
            "tenant_id": "7ff942ee04644ac28a10a871f707f05d",
            "timeouts": null
          },
          "sensitive_attributes": [],
          "identity_schema_version": 0,
          "private": "eyJlMmJmYjczMC1lY2FhLTExZTYtOGY4OC0zNDM2M2JjN2M0YzAiOnsiZGVsZXRlIjo2MDAwMDAwMDAwMDB9fQ==",
          "dependencies": [
            "openstack_networking_secgroup_v2.secgroup_1"
          ]
        }
      ]
    },
    {
      "mode": "managed",
      "type": "openstack_networking_secgroup_rule_v2",
      "name": "icmp_internal",
      "provider": "provider[\"registry.terraform.io/terraform-provider-openstack/openstack\"]",
      "instances": [
        {
          "schema_version": 0,
          "attributes": {
            "description": "",
            "direction": "ingress",
            "ethertype": "IPv4",
            "id": "69027422-4f7e-466a-bcb3-46df27223af7",
            "port_range_max": 0,
            "port_range_min": 0,
            "protocol": "icmp",
            "region": "NCP-TH",
            "remote_group_id": "",
            "remote_ip_prefix": "10.0.0.0/24",
            "security_group_id": "178fcfb7-7462-42ce-996d-c6b1f369f3ca",
            "tenant_id": "7ff942ee04644ac28a10a871f707f05d",
            "timeouts": null
          },
          "sensitive_attributes": [],
          "identity_schema_version": 0,
          "private": "eyJlMmJmYjczMC1lY2FhLTExZTYtOGY4OC0zNDM2M2JjN2M0YzAiOnsiZGVsZXRlIjo2MDAwMDAwMDAwMDB9fQ==",
          "dependencies": [
            "openstack_networking_secgroup_v2.secgroup_1"
          ]
        }
      ]
    },
    {
      "mode": "managed",
      "type": "openstack_networking_secgroup_rule_v2",
      "name": "intra_sg_all_v4",
      "provider": "provider[\"registry.terraform.io/terraform-provider-openstack/openstack\"]",
      "instances": [
        {
          "schema_version": 0,
          "attributes": {
            "description": "",
            "direction": "ingress",
            "ethertype": "IPv4",
            "id": "7f9b776e-8c7e-462c-8c46-38a5dc6e280c",
            "port_range_max": 65535,
            "port_range_min": 0,
            "protocol": "any",
            "region": "NCP-TH",
            "remote_group_id": "178fcfb7-7462-42ce-996d-c6b1f369f3ca",
            "remote_ip_prefix": "",
            "security_group_id": "178fcfb7-7462-42ce-996d-c6b1f369f3ca",
            "tenant_id": "7ff942ee04644ac28a10a871f707f05d",
            "timeouts": null
          },
          "sensitive_attributes": [],
          "identity_schema_version": 0,
          "private": "eyJlMmJmYjczMC1lY2FhLTExZTYtOGY4OC0zNDM2M2JjN2M0YzAiOnsiZGVsZXRlIjo2MDAwMDAwMDAwMDB9fQ==",
          "dependencies": [
            "openstack_networking_secgroup_v2.secgroup_1"
          ]
        }
      ]
    },
    {
      "mode": "managed",
      "type": "openstack_networking_secgroup_rule_v2",
      "name": "k8s_api_internal",
      "provider": "provider[\"registry.terraform.io/terraform-provider-openstack/openstack\"]",
      "instances": [
        {
          "schema_version": 0,
          "attributes": {
            "description": "",
            "direction": "ingress",
            "ethertype": "IPv4",
            "id": "a782be00-f875-4c80-b712-26c672ed8f41",
            "port_range_max": 6443,
            "port_range_min": 6443,
            "protocol": "tcp",
            "region": "NCP-TH",
            "remote_group_id": "",
            "remote_ip_prefix": "10.0.0.0/24",
            "security_group_id": "178fcfb7-7462-42ce-996d-c6b1f369f3ca",
            "tenant_id": "7ff942ee04644ac28a10a871f707f05d",
            "timeouts": null
          },
          "sensitive_attributes": [],
          "identity_schema_version": 0,
          "private": "eyJlMmJmYjczMC1lY2FhLTExZTYtOGY4OC0zNDM2M2JjN2M0YzAiOnsiZGVsZXRlIjo2MDAwMDAwMDAwMDB9fQ==",
          "dependencies": [
            "openstack_networking_secgroup_v2.secgroup_1"
          ]
        }
      ]
    },
    {
      "mode": "managed",
      "type": "openstack_networking_secgroup_rule_v2",
      "name": "kubelet_internal",
      "provider": "provider[\"registry.terraform.io/terraform-provider-openstack/openstack\"]",
      "instances": [
        {
          "schema_version": 0,
          "attributes": {
            "description": "",
            "direction": "ingress",
            "ethertype": "IPv4",
            "id": "0e743e85-8c8f-40ea-921b-69f1a5d1bf44",
            "port_range_max": 10250,
            "port_range_min": 10250,
            "protocol": "tcp",
            "region": "NCP-TH",
            "remote_group_id": "",
            "remote_ip_prefix": "10.0.0.0/24",
            "security_group_id": "178fcfb7-7462-42ce-996d-c6b1f369f3ca",
            "tenant_id": "7ff942ee04644ac28a10a871f707f05d",
            "timeouts": null
          },
          "sensitive_attributes": [],
          "identity_schema_version": 0,
          "private": "eyJlMmJmYjczMC1lY2FhLTExZTYtOGY4OC0zNDM2M2JjN2M0YzAiOnsiZGVsZXRlIjo2MDAwMDAwMDAwMDB9fQ==",
          "dependencies": [
            "openstack_networking_secgroup_v2.secgroup_1"
          ]
        }
      ]
    },
    {
      "mode": "managed",
      "type": "openstack_networking_secgroup_rule_v2",
      "name": "lb_http",
      "provider": "provider[\"registry.terraform.io/terraform-provider-openstack/openstack\"]",
      "instances": [
        {
          "schema_version": 0,
          "attributes": {
            "description": "",
            "direction": "ingress",
            "ethertype": "IPv4",
            "id": "cb82d44b-f2fa-497b-baa1-d92d6d77be50",
            "port_range_max": 80,
            "port_range_min": 80,
            "protocol": "tcp",
            "region": "NCP-TH",
            "remote_group_id": "",
            "remote_ip_prefix": "0.0.0.0/0",
            "security_group_id": "178fcfb7-7462-42ce-996d-c6b1f369f3ca",
            "tenant_id": "7ff942ee04644ac28a10a871f707f05d",
            "timeouts": null
          },
          "sensitive_attributes": [],
          "identity_schema_version": 0,
          "private": "eyJlMmJmYjczMC1lY2FhLTExZTYtOGY4OC0zNDM2M2JjN2M0YzAiOnsiZGVsZXRlIjo2MDAwMDAwMDAwMDB9fQ==",
          "dependencies": [
            "openstack_networking_secgroup_v2.secgroup_1"
          ]
        }
      ]
    },
    {
      "mode": "managed",
      "type": "openstack_networking_secgroup_rule_v2",
      "name": "lb_https",
      "provider": "provider[\"registry.terraform.io/terraform-provider-openstack/openstack\"]",
      "instances": [
        {
          "schema_version": 0,
          "attributes": {
            "description": "",
            "direction": "ingress",
            "ethertype": "IPv4",
            "id": "df62a813-60cd-4f67-a560-3e45b1cf9a0a",
            "port_range_max": 443,
            "port_range_min": 443,
            "protocol": "tcp",
            "region": "NCP-TH",
            "remote_group_id": "",
            "remote_ip_prefix": "0.0.0.0/0",
            "security_group_id": "178fcfb7-7462-42ce-996d-c6b1f369f3ca",
            "tenant_id": "7ff942ee04644ac28a10a871f707f05d",
            "timeouts": null
          },
          "sensitive_attributes": [],
          "identity_schema_version": 0,
          "private": "eyJlMmJmYjczMC1lY2FhLTExZTYtOGY4OC0zNDM2M2JjN2M0YzAiOnsiZGVsZXRlIjo2MDAwMDAwMDAwMDB9fQ==",
          "dependencies": [
            "openstack_networking_secgroup_v2.secgroup_1"
          ]
        }
      ]
    },
    {
      "mode": "managed",
      "type": "openstack_networking_secgroup_rule_v2",
      "name": "nodeport_internal",
      "provider": "provider[\"registry.terraform.io/terraform-provider-openstack/openstack\"]",
      "instances": [
        {
          "schema_version": 0,
          "attributes": {
            "description": "",
            "direction": "ingress",
            "ethertype": "IPv4",
            "id": "f008596d-1360-4798-881e-68e5900142ea",
            "port_range_max": 32767,
            "port_range_min": 30000,
            "protocol": "tcp",
            "region": "NCP-TH",
            "remote_group_id": "",
            "remote_ip_prefix": "10.0.0.0/24",
            "security_group_id": "178fcfb7-7462-42ce-996d-c6b1f369f3ca",
            "tenant_id": "7ff942ee04644ac28a10a871f707f05d",
            "timeouts": null
          },
          "sensitive_attributes": [],
          "identity_schema_version": 0,
          "private": "eyJlMmJmYjczMC1lY2FhLTExZTYtOGY4OC0zNDM2M2JjN2M0YzAiOnsiZGVsZXRlIjo2MDAwMDAwMDAwMDB9fQ==",
          "dependencies": [
            "openstack_networking_secgroup_v2.secgroup_1"
          ]
        }
      ]
    },
    {
      "mode": "managed",
      "type": "openstack_networking_secgroup_rule_v2",
      "name": "ssh_from_my_ip",
      "provider": "provider[\"registry.terraform.io/terraform-provider-openstack/openstack\"]",
      "instances": [
        {
          "schema_version": 0,
          "attributes": {
            "description": "",
            "direction": "ingress",
            "ethertype": "IPv4",
            "id": "01e68f20-aaf5-4f6a-8fb5-1a90ca090b69",
            "port_range_max": 22,
            "port_range_min": 22,
            "protocol": "tcp",
            "region": "NCP-TH",
            "remote_group_id": "",
            "remote_ip_prefix": "103.10.231.150/32",
            "security_group_id": "178fcfb7-7462-42ce-996d-c6b1f369f3ca",
            "tenant_id": "7ff942ee04644ac28a10a871f707f05d",
            "timeouts": null
          },
          "sensitive_attributes": [],
          "identity_schema_version": 0,
          "private": "eyJlMmJmYjczMC1lY2FhLTExZTYtOGY4OC0zNDM2M2JjN2M0YzAiOnsiZGVsZXRlIjo2MDAwMDAwMDAwMDB9fQ==",
          "dependencies": [
            "openstack_networking_secgroup_v2.secgroup_1"
          ]
        }
      ]
    },
    {
      "mode": "managed",
      "type": "openstack_networking_secgroup_rule_v2",
      "name": "ssh_internal",
      "provider": "provider[\"registry.terraform.io/terraform-provider-openstack/openstack\"]",
      "instances": [
        {
          "schema_version": 0,
          "attributes": {
            "description": "",
            "direction": "ingress",
            "ethertype": "IPv4",
            "id": "df43dfba-43f5-4f4d-9149-be0b17bd61a5",
            "port_range_max": 22,
            "port_range_min": 22,
            "protocol": "tcp",
            "region": "NCP-TH",
            "remote_group_id": "",
            "remote_ip_prefix": "10.0.0.0/24",
            "security_group_id": "178fcfb7-7462-42ce-996d-c6b1f369f3ca",
            "tenant_id": "7ff942ee04644ac28a10a871f707f05d",
            "timeouts": null
          },
          "sensitive_attributes": [],
          "identity_schema_version": 0,
          "private": "eyJlMmJmYjczMC1lY2FhLTExZTYtOGY4OC0zNDM2M2JjN2M0YzAiOnsiZGVsZXRlIjo2MDAwMDAwMDAwMDB9fQ==",
          "dependencies": [
            "openstack_networking_secgroup_v2.secgroup_1"
          ]
        }
      ]
    },
    {
      "mode": "managed",
      "type": "openstack_networking_secgroup_v2",
      "name": "secgroup_1",
      "provider": "provider[\"registry.terraform.io/terraform-provider-openstack/openstack\"]",
      "instances": [
        {
          "schema_version": 0,
          "attributes": {
            "all_tags": [],
            "delete_default_rules": null,
            "description": "Security group for k0s cluster (private-first)",
            "id": "178fcfb7-7462-42ce-996d-c6b1f369f3ca",
            "name": "k0s-cluster-sg",
            "region": "NCP-TH",
            "stateful": false,
            "tags": [],
            "tenant_id": "7ff942ee04644ac28a10a871f707f05d",
            "timeouts": null
          },
          "sensitive_attributes": [],
          "identity_schema_version": 0,
          "private": "eyJlMmJmYjczMC1lY2FhLTExZTYtOGY4OC0zNDM2M2JjN2M0YzAiOnsiZGVsZXRlIjo2MDAwMDAwMDAwMDB9fQ=="
        }
      ]
    },
    {
      "mode": "managed",
      "type": "openstack_networking_subnet_v2",
      "name": "subnet",
      "provider": "provider[\"registry.terraform.io/terraform-provider-openstack/openstack\"]",
      "instances": [
        {
          "schema_version": 0,
          "attributes": {
            "all_tags": [],
            "allocation_pool": [
              {
                "end": "10.0.0.254",
                "start": "10.0.0.2"
              }
            ],
            "cidr": "10.0.0.0/24",
            "description": "",
            "dns_nameservers": [
              "8.8.8.8",
              "8.8.4.4"
            ],
            "dns_publish_fixed_ip": false,
            "enable_dhcp": true,
            "gateway_ip": "10.0.0.1",
            "id": "f6803d98-44ab-4bae-b170-4fc3b2b4c4a6",
            "ip_version": 4,
            "ipv6_address_mode": "",
            "ipv6_ra_mode": "",
            "name": "k0s-vpc-subnet",
            "network_id": "57cd5fa9-73ce-4ae6-8df5-558650fc5005",
            "no_gateway": false,
            "prefix_length": null,
            "region": "NCP-TH",
            "service_types": [],
            "subnetpool_id": "",
            "tags": [],
            "tenant_id": "7ff942ee04644ac28a10a871f707f05d",
            "timeouts": null,
            "value_specs": null
          },
          "sensitive_attributes": [],
          "identity_schema_version": 0,
          "private": "eyJlMmJmYjczMC1lY2FhLTExZTYtOGY4OC0zNDM2M2JjN2M0YzAiOnsiY3JlYXRlIjo2MDAwMDAwMDAwMDAsImRlbGV0ZSI6NjAwMDAwMDAwMDAwfX0=",
          "dependencies": [
            "openstack_networking_network_v2.network"
          ]
        }
      ]
    }
  ],
  "check_results": null
}
