{
  "version": 4,
  "terraform_version": "1.8.5",
  "serial": 3,
  "lineage": "19c0b426-27ce-c4eb-7d64-803f66bed956",
  "outputs": {},
  "resources": [
    {
      "mode": "managed",
      "type": "openstack_compute_instance_v2",
      "name": "basic_instance",
      "provider": "provider[\"registry.terraform.io/terraform-provider-openstack/openstack\"]",
      "instances": [
        {
          "schema_version": 0,
          "attributes": {
            "access_ip_v4": "192.168.1.4",
            "access_ip_v6": "",
            "admin_pass": null,
            "all_metadata": {},
            "all_tags": [],
            "availability_zone": "NCP-BKK",
            "availability_zone_hints": null,
            "block_device": [],
            "config_drive": null,
            "created": "2025-06-25 09:40:07 +0000 UTC",
            "flavor_id": "6312603a-f43b-4219-b460-6d9bb983d72b",
            "flavor_name": "csa.large.v2",
            "floating_ip": null,
            "force_delete": false,
            "id": "010ac01c-3a0d-4f27-80b3-d5c0399b1a6e",
            "image_id": "de6ed19f-54d3-4786-8280-b3940a900623",
            "image_name": "ubuntu-20-v220723",
            "key_pair": "",
            "metadata": null,
            "name": "terraform-instance",
            "network": [
              {
                "access_network": false,
                "fixed_ip_v4": "192.168.1.4",
                "fixed_ip_v6": "",
                "floating_ip": "",
                "mac": "02:3d:fa:25:1e:c1",
                "name": "default",
                "port": "",
                "uuid": "66d11e12-4d13-43d1-96c0-dbc13edb579c"
              }
            ],
            "network_mode": null,
            "personality": [],
            "power_state": "active",
            "region": "NCP-TH",
            "scheduler_hints": [],
            "security_groups": [
              "default"
            ],
            "stop_before_destroy": false,
            "tags": null,
            "timeouts": null,
            "updated": "2025-06-25 09:41:42 +0000 UTC",
            "user_data": null,
            "vendor_options": [],
            "volume": []
          },
          "sensitive_attributes": [
            [
              {
                "type": "get_attr",
                "value": "admin_pass"
              }
            ]
          ],
          "private": "eyJlMmJmYjczMC1lY2FhLTExZTYtOGY4OC0zNDM2M2JjN2M0YzAiOnsiY3JlYXRlIjoxODAwMDAwMDAwMDAwLCJkZWxldGUiOjE4MDAwMDAwMDAwMDAsInVwZGF0ZSI6MTgwMDAwMDAwMDAwMH19"
        }
      ]
    }
  ],
  "check_results": null
}
