{
  "version": 4,
  "terraform_version": "1.12.2",
  "serial": 164,
  "lineage": "19c0b426-27ce-c4eb-7d64-803f66bed956",
  "outputs": {
    "control_plane_public_ip": {
      "value": "10.112.2.30",
      "type": "string"
    },
    "worker_public_ip": {
      "value": "10.112.2.37",
      "type": "string"
    }
  },
  "resources": [
    {
      "mode": "data",
      "type": "openstack_compute_keypair_v2",
      "name": "keypair",
      "provider": "provider[\"registry.terraform.io/terraform-provider-openstack/openstack\"]",
      "instances": [
        {
          "schema_version": 0,
          "attributes": {
            "fingerprint": "56:0b:85:ce:3c:79:c9:b2:75:65:0c:44:52:9f:1e:7f",
            "id": "key-pair-public",
            "name": "key-pair-public",
            "public_key": "ssh-ed25519 AAAAC3NzaC1lZDI1NTE5AAAAIOghvQMIAZgbFGigF2x2ZFy1ACJAa9ZmEx4Bh741Zz0r tanvanat@Tanvanat",
            "region": "NCP-TH",
            "user_id": "f76af047e71f420196848bf86859a846"
          },
          "sensitive_attributes": [],
          "identity_schema_version": 0
        }
      ]
    },
    {
      "mode": "managed",
      "type": "openstack_compute_instance_v2",
      "name": "control_plane",
      "provider": "provider[\"registry.terraform.io/terraform-provider-openstack/openstack\"]",
      "instances": [
        {
          "schema_version": 0,
          "attributes": {
            "access_ip_v4": "10.0.0.2",
            "access_ip_v6": "",
            "admin_pass": null,
            "all_metadata": {},
            "all_tags": [],
            "availability_zone": "NCP-NON",
            "availability_zone_hints": null,
            "block_device": [
              {
                "boot_index": 0,
                "delete_on_termination": false,
                "destination_type": "volume",
                "device_type": "",
                "disk_bus": "",
                "guest_format": "",
                "multiattach": false,
                "source_type": "image",
                "uuid": "30c876dd-4470-47d8-b13a-df5f18c85ba4",
                "volume_size": 20,
                "volume_type": ""
              }
            ],
            "config_drive": null,
            "created": "2025-07-07 08:06:24 +0000 UTC",
            "flavor_id": "6312603a-f43b-4219-b460-6d9bb983d72b",
            "flavor_name": "csa.large.v2",
            "force_delete": false,
            "id": "312357b3-56b4-4b9a-b13a-edce5b1fd6ed",
            "image_id": "Attempt to boot from volume - no image supplied",
            "image_name": null,
            "key_pair": "key-pair-public",
            "metadata": null,
            "name": "k0s-control-plane-0",
            "network": [
              {
                "access_network": false,
                "fixed_ip_v4": "10.0.0.2",
                "fixed_ip_v6": "",
                "mac": "02:96:46:ac:8b:f5",
                "name": "k0s-vpc-network",
                "port": "9646ac8b-f5d0-466a-a0ac-522328554bc8",
                "uuid": "322bbf78-cebc-45c7-a68a-241d60dbfc01"
              }
            ],
            "network_mode": null,
            "personality": [],
            "power_state": "active",
            "region": "NCP-TH",
            "scheduler_hints": [],
            "security_groups": [
              "k0s-cluster-sg"
            ],
            "stop_before_destroy": false,
            "tags": null,
            "timeouts": null,
            "updated": "2025-07-07 08:06:55 +0000 UTC",
            "user_data": null,
            "vendor_options": []
          },
          "sensitive_attributes": [
            [
              {
                "type": "get_attr",
                "value": "admin_pass"
              }
            ]
          ],
          "identity_schema_version": 0,
          "private": "eyJlMmJmYjczMC1lY2FhLTExZTYtOGY4OC0zNDM2M2JjN2M0YzAiOnsiY3JlYXRlIjoxODAwMDAwMDAwMDAwLCJkZWxldGUiOjE4MDAwMDAwMDAwMDAsInVwZGF0ZSI6MTgwMDAwMDAwMDAwMH19",
          "dependencies": [
            "data.openstack_compute_keypair_v2.keypair",
            "openstack_networking_network_v2.network",
            "openstack_networking_port_v2.port_control",
            "openstack_networking_secgroup_v2.secgroup_1",
            "openstack_networking_subnet_v2.subnet"
          ]
        }
      ]
    },
    {
      "mode": "managed",
      "type": "openstack_compute_instance_v2",
      "name": "worker",
      "provider": "provider[\"registry.terraform.io/terraform-provider-openstack/openstack\"]",
      "instances": [
        {
          "schema_version": 0,
          "attributes": {
            "access_ip_v4": "10.0.0.3",
            "access_ip_v6": "",
            "admin_pass": null,
            "all_metadata": {},
            "all_tags": [],
            "availability_zone": "NCP-NON",
            "availability_zone_hints": null,
            "block_device": [
              {
                "boot_index": 0,
                "delete_on_termination": false,
                "destination_type": "volume",
                "device_type": "",
                "disk_bus": "",
                "guest_format": "",
                "multiattach": false,
                "source_type": "image",
                "uuid": "30c876dd-4470-47d8-b13a-df5f18c85ba4",
                "volume_size": 20,
                "volume_type": ""
              }
            ],
            "config_drive": null,
            "created": "2025-07-07 08:06:24 +0000 UTC",
            "flavor_id": "6312603a-f43b-4219-b460-6d9bb983d72b",
            "flavor_name": "csa.large.v2",
            "force_delete": false,
            "id": "9ec3089a-8187-4dcc-8fff-bf597eeb3412",
            "image_id": "Attempt to boot from volume - no image supplied",
            "image_name": null,
            "key_pair": "key-pair-public",
            "metadata": null,
            "name": "worker",
            "network": [
              {
                "access_network": false,
                "fixed_ip_v4": "10.0.0.3",
                "fixed_ip_v6": "",
                "mac": "02:d1:04:c3:44:65",
                "name": "k0s-vpc-network",
                "port": "d104c344-65e4-411c-a36f-d395311250fe",
                "uuid": "322bbf78-cebc-45c7-a68a-241d60dbfc01"
              }
            ],
            "network_mode": null,
            "personality": [],
            "power_state": "active",
            "region": "NCP-TH",
            "scheduler_hints": [],
            "security_groups": [
              "k0s-cluster-sg"
            ],
            "stop_before_destroy": false,
            "tags": null,
            "timeouts": null,
            "updated": "2025-07-07 08:07:13 +0000 UTC",
            "user_data": null,
            "vendor_options": []
          },
          "sensitive_attributes": [
            [
              {
                "type": "get_attr",
                "value": "admin_pass"
              }
            ]
          ],
          "identity_schema_version": 0,
          "private": "eyJlMmJmYjczMC1lY2FhLTExZTYtOGY4OC0zNDM2M2JjN2M0YzAiOnsiY3JlYXRlIjoxODAwMDAwMDAwMDAwLCJkZWxldGUiOjE4MDAwMDAwMDAwMDAsInVwZGF0ZSI6MTgwMDAwMDAwMDAwMH19",
          "dependencies": [
            "data.openstack_compute_keypair_v2.keypair",
            "openstack_networking_network_v2.network",
            "openstack_networking_port_v2.port_worker",
            "openstack_networking_secgroup_v2.secgroup_1",
            "openstack_networking_subnet_v2.subnet"
          ]
        }
      ]
    },
    {
      "mode": "managed",
      "type": "openstack_networking_floatingip_associate_v2",
      "name": "fip_control",
      "provider": "provider[\"registry.terraform.io/terraform-provider-openstack/openstack\"]",
      "instances": [
        {
          "schema_version": 0,
          "attributes": {
            "fixed_ip": "10.0.0.2",
            "floating_ip": "10.112.2.30",
            "id": "2aa6679e-5048-40c1-9d0d-9861d0350030",
            "port_id": "9646ac8b-f5d0-466a-a0ac-522328554bc8",
            "region": "NCP-TH"
          },
          "sensitive_attributes": [],
          "identity_schema_version": 0,
          "private": "bnVsbA==",
          "dependencies": [
            "openstack_networking_floatingip_v2.floatip_control",
            "openstack_networking_network_v2.network",
            "openstack_networking_port_v2.port_control",
            "openstack_networking_secgroup_v2.secgroup_1",
            "openstack_networking_subnet_v2.subnet"
          ]
        }
      ]
    },
    {
      "mode": "managed",
      "type": "openstack_networking_floatingip_associate_v2",
      "name": "fip_worker",
      "provider": "provider[\"registry.terraform.io/terraform-provider-openstack/openstack\"]",
      "instances": [
        {
          "schema_version": 0,
          "attributes": {
            "fixed_ip": "10.0.0.3",
            "floating_ip": "10.112.2.37",
            "id": "dee43365-854a-4731-bc1b-3d2cd55e0cd5",
            "port_id": "d104c344-65e4-411c-a36f-d395311250fe",
            "region": "NCP-TH"
          },
          "sensitive_attributes": [],
          "identity_schema_version": 0,
          "private": "bnVsbA==",
          "dependencies": [
            "openstack_networking_floatingip_v2.floatip_worker",
            "openstack_networking_network_v2.network",
            "openstack_networking_port_v2.port_worker",
            "openstack_networking_secgroup_v2.secgroup_1",
            "openstack_networking_subnet_v2.subnet"
          ]
        }
      ]
    },
    {
      "mode": "managed",
      "type": "openstack_networking_floatingip_v2",
      "name": "floatip_control",
      "provider": "provider[\"registry.terraform.io/terraform-provider-openstack/openstack\"]",
      "instances": [
        {
          "schema_version": 0,
          "attributes": {
            "address": "10.112.2.30",
            "all_tags": [],
            "description": "",
            "dns_domain": "",
            "dns_name": "",
            "fixed_ip": "",
            "id": "2aa6679e-5048-40c1-9d0d-9861d0350030",
            "pool": "Standard_Public_IP_Pool_NON",
            "port_id": "",
            "region": "NCP-TH",
            "subnet_id": null,
            "subnet_ids": null,
            "tags": null,
            "tenant_id": "7ff942ee04644ac28a10a871f707f05d",
            "timeouts": null,
            "value_specs": null
          },
          "sensitive_attributes": [],
          "identity_schema_version": 0,
          "private": "eyJlMmJmYjczMC1lY2FhLTExZTYtOGY4OC0zNDM2M2JjN2M0YzAiOnsiY3JlYXRlIjo2MDAwMDAwMDAwMDAsImRlbGV0ZSI6NjAwMDAwMDAwMDAwfX0="
        }
      ]
    },
    {
      "mode": "managed",
      "type": "openstack_networking_floatingip_v2",
      "name": "floatip_worker",
      "provider": "provider[\"registry.terraform.io/terraform-provider-openstack/openstack\"]",
      "instances": [
        {
          "schema_version": 0,
          "attributes": {
            "address": "10.112.2.37",
            "all_tags": [],
            "description": "",
            "dns_domain": "",
            "dns_name": "",
            "fixed_ip": "",
            "id": "dee43365-854a-4731-bc1b-3d2cd55e0cd5",
            "pool": "Standard_Public_IP_Pool_NON",
            "port_id": "",
            "region": "NCP-TH",
            "subnet_id": null,
            "subnet_ids": null,
            "tags": null,
            "tenant_id": "7ff942ee04644ac28a10a871f707f05d",
            "timeouts": null,
            "value_specs": null
          },
          "sensitive_attributes": [],
          "identity_schema_version": 0,
          "private": "eyJlMmJmYjczMC1lY2FhLTExZTYtOGY4OC0zNDM2M2JjN2M0YzAiOnsiY3JlYXRlIjo2MDAwMDAwMDAwMDAsImRlbGV0ZSI6NjAwMDAwMDAwMDAwfX0="
        }
      ]
    },
    {
      "mode": "managed",
      "type": "openstack_networking_network_v2",
      "name": "network",
      "provider": "provider[\"registry.terraform.io/terraform-provider-openstack/openstack\"]",
      "instances": [
        {
          "schema_version": 0,
          "attributes": {
            "admin_state_up": true,
            "all_tags": [],
            "availability_zone_hints": [],
            "description": "",
            "dns_domain": "",
            "external": false,
            "id": "322bbf78-cebc-45c7-a68a-241d60dbfc01",
            "mtu": 0,
            "name": "k0s-vpc-network",
            "port_security_enabled": true,
            "qos_policy_id": "",
            "region": "NCP-TH",
            "segments": [],
            "shared": false,
            "tags": null,
            "tenant_id": "7ff942ee04644ac28a10a871f707f05d",
            "timeouts": null,
            "transparent_vlan": false,
            "value_specs": null
          },
          "sensitive_attributes": [],
          "identity_schema_version": 0,
          "private": "eyJlMmJmYjczMC1lY2FhLTExZTYtOGY4OC0zNDM2M2JjN2M0YzAiOnsiY3JlYXRlIjo2MDAwMDAwMDAwMDAsImRlbGV0ZSI6NjAwMDAwMDAwMDAwfX0="
        }
      ]
    },
    {
      "mode": "managed",
      "type": "openstack_networking_port_v2",
      "name": "port_control",
      "provider": "provider[\"registry.terraform.io/terraform-provider-openstack/openstack\"]",
      "instances": [
        {
          "schema_version": 0,
          "attributes": {
            "admin_state_up": true,
            "all_fixed_ips": [
              "10.0.0.2"
            ],
            "all_security_group_ids": [
              "7bbb9f98-a500-4178-bbbd-91a0453cf520"
            ],
            "all_tags": [],
            "allowed_address_pairs": [],
            "binding": [
              {
                "host_id": "",
                "profile": "",
                "vif_details": {},
                "vif_type": "",
                "vnic_type": "normal"
              }
            ],
            "description": "",
            "device_id": "",
            "device_owner": "",
            "dns_assignment": [],
            "dns_name": "",
            "extra_dhcp_option": [],
            "fixed_ip": [
              {
                "ip_address": "",
                "subnet_id": "1b355c52-d9c1-47a2-b8e7-d9776b3db5a0"
              }
            ],
            "id": "9646ac8b-f5d0-466a-a0ac-522328554bc8",
            "mac_address": "02:96:46:ac:8b:f5",
            "name": "port_front",
            "network_id": "322bbf78-cebc-45c7-a68a-241d60dbfc01",
            "no_fixed_ip": null,
            "no_security_groups": null,
            "port_security_enabled": true,
            "qos_policy_id": "",
            "region": "NCP-TH",
            "security_group_ids": [
              "7bbb9f98-a500-4178-bbbd-91a0453cf520"
            ],
            "tags": null,
            "tenant_id": "7ff942ee04644ac28a10a871f707f05d",
            "timeouts": null,
            "value_specs": null
          },
          "sensitive_attributes": [],
          "identity_schema_version": 0,
          "private": "eyJlMmJmYjczMC1lY2FhLTExZTYtOGY4OC0zNDM2M2JjN2M0YzAiOnsiY3JlYXRlIjo2MDAwMDAwMDAwMDAsImRlbGV0ZSI6NjAwMDAwMDAwMDAwfX0=",
          "dependencies": [
            "openstack_networking_network_v2.network",
            "openstack_networking_secgroup_v2.secgroup_1",
            "openstack_networking_subnet_v2.subnet"
          ]
        }
      ]
    },
    {
      "mode": "managed",
      "type": "openstack_networking_port_v2",
      "name": "port_worker",
      "provider": "provider[\"registry.terraform.io/terraform-provider-openstack/openstack\"]",
      "instances": [
        {
          "schema_version": 0,
          "attributes": {
            "admin_state_up": true,
            "all_fixed_ips": [
              "10.0.0.3"
            ],
            "all_security_group_ids": [
              "7bbb9f98-a500-4178-bbbd-91a0453cf520"
            ],
            "all_tags": [],
            "allowed_address_pairs": [],
            "binding": [
              {
                "host_id": "",
                "profile": "",
                "vif_details": {},
                "vif_type": "",
                "vnic_type": "normal"
              }
            ],
            "description": "",
            "device_id": "",
            "device_owner": "",
            "dns_assignment": [],
            "dns_name": "",
            "extra_dhcp_option": [],
            "fixed_ip": [
              {
                "ip_address": "",
                "subnet_id": "1b355c52-d9c1-47a2-b8e7-d9776b3db5a0"
              }
            ],
            "id": "d104c344-65e4-411c-a36f-d395311250fe",
            "mac_address": "02:d1:04:c3:44:65",
            "name": "port_worker",
            "network_id": "322bbf78-cebc-45c7-a68a-241d60dbfc01",
            "no_fixed_ip": null,
            "no_security_groups": null,
            "port_security_enabled": true,
            "qos_policy_id": "",
            "region": "NCP-TH",
            "security_group_ids": [
              "7bbb9f98-a500-4178-bbbd-91a0453cf520"
            ],
            "tags": null,
            "tenant_id": "7ff942ee04644ac28a10a871f707f05d",
            "timeouts": null,
            "value_specs": null
          },
          "sensitive_attributes": [],
          "identity_schema_version": 0,
          "private": "eyJlMmJmYjczMC1lY2FhLTExZTYtOGY4OC0zNDM2M2JjN2M0YzAiOnsiY3JlYXRlIjo2MDAwMDAwMDAwMDAsImRlbGV0ZSI6NjAwMDAwMDAwMDAwfX0=",
          "dependencies": [
            "openstack_networking_network_v2.network",
            "openstack_networking_secgroup_v2.secgroup_1",
            "openstack_networking_subnet_v2.subnet"
          ]
        }
      ]
    },
    {
      "mode": "managed",
      "type": "openstack_networking_secgroup_rule_v2",
      "name": "secgroup_rule_1",
      "provider": "provider[\"registry.terraform.io/terraform-provider-openstack/openstack\"]",
      "instances": [
        {
          "schema_version": 0,
          "attributes": {
            "description": "",
            "direction": "ingress",
            "ethertype": "IPv4",
            "id": "d9580f7e-6ec8-43a6-a759-0ac945155bd2",
            "port_range_max": 22,
            "port_range_min": 22,
            "protocol": "tcp",
            "region": "NCP-TH",
            "remote_group_id": "",
            "remote_ip_prefix": "0.0.0.0/0",
            "security_group_id": "7bbb9f98-a500-4178-bbbd-91a0453cf520",
            "tenant_id": "7ff942ee04644ac28a10a871f707f05d",
            "timeouts": null
          },
          "sensitive_attributes": [],
          "identity_schema_version": 0,
          "private": "eyJlMmJmYjczMC1lY2FhLTExZTYtOGY4OC0zNDM2M2JjN2M0YzAiOnsiZGVsZXRlIjo2MDAwMDAwMDAwMDB9fQ==",
          "dependencies": [
            "openstack_networking_secgroup_v2.secgroup_1"
          ]
        }
      ]
    },
    {
      "mode": "managed",
      "type": "openstack_networking_secgroup_rule_v2",
      "name": "secgroup_rule_2",
      "provider": "provider[\"registry.terraform.io/terraform-provider-openstack/openstack\"]",
      "instances": [
        {
          "schema_version": 0,
          "attributes": {
            "description": "",
            "direction": "ingress",
            "ethertype": "IPv4",
            "id": "4ae15830-b333-4dae-a7a9-81ae6963aa3e",
            "port_range_max": 6443,
            "port_range_min": 6443,
            "protocol": "tcp",
            "region": "NCP-TH",
            "remote_group_id": "",
            "remote_ip_prefix": "0.0.0.0/0",
            "security_group_id": "7bbb9f98-a500-4178-bbbd-91a0453cf520",
            "tenant_id": "7ff942ee04644ac28a10a871f707f05d",
            "timeouts": null
          },
          "sensitive_attributes": [],
          "identity_schema_version": 0,
          "private": "eyJlMmJmYjczMC1lY2FhLTExZTYtOGY4OC0zNDM2M2JjN2M0YzAiOnsiZGVsZXRlIjo2MDAwMDAwMDAwMDB9fQ==",
          "dependencies": [
            "openstack_networking_secgroup_v2.secgroup_1"
          ]
        }
      ]
    },
    {
      "mode": "managed",
      "type": "openstack_networking_secgroup_rule_v2",
      "name": "secgroup_rule_icmp",
      "provider": "provider[\"registry.terraform.io/terraform-provider-openstack/openstack\"]",
      "instances": [
        {
          "schema_version": 0,
          "attributes": {
            "description": "",
            "direction": "ingress",
            "ethertype": "IPv4",
            "id": "1bb2fc96-de96-4efd-8184-adfa051511e4",
            "port_range_max": 0,
            "port_range_min": 0,
            "protocol": "icmp",
            "region": "NCP-TH",
            "remote_group_id": "",
            "remote_ip_prefix": "0.0.0.0/0",
            "security_group_id": "7bbb9f98-a500-4178-bbbd-91a0453cf520",
            "tenant_id": "7ff942ee04644ac28a10a871f707f05d",
            "timeouts": null
          },
          "sensitive_attributes": [],
          "identity_schema_version": 0,
          "private": "eyJlMmJmYjczMC1lY2FhLTExZTYtOGY4OC0zNDM2M2JjN2M0YzAiOnsiZGVsZXRlIjo2MDAwMDAwMDAwMDB9fQ==",
          "dependencies": [
            "openstack_networking_secgroup_v2.secgroup_1"
          ]
        }
      ]
    },
    {
      "mode": "managed",
      "type": "openstack_networking_secgroup_v2",
      "name": "secgroup_1",
      "provider": "provider[\"registry.terraform.io/terraform-provider-openstack/openstack\"]",
      "instances": [
        {
          "schema_version": 0,
          "attributes": {
            "all_tags": [],
            "delete_default_rules": null,
            "description": "Security group for k0s cluster",
            "id": "7bbb9f98-a500-4178-bbbd-91a0453cf520",
            "name": "k0s-cluster-sg",
            "region": "NCP-TH",
            "stateful": false,
            "tags": null,
            "tenant_id": "7ff942ee04644ac28a10a871f707f05d",
            "timeouts": null
          },
          "sensitive_attributes": [],
          "identity_schema_version": 0,
          "private": "eyJlMmJmYjczMC1lY2FhLTExZTYtOGY4OC0zNDM2M2JjN2M0YzAiOnsiZGVsZXRlIjo2MDAwMDAwMDAwMDB9fQ=="
        }
      ]
    },
    {
      "mode": "managed",
      "type": "openstack_networking_subnet_v2",
      "name": "subnet",
      "provider": "provider[\"registry.terraform.io/terraform-provider-openstack/openstack\"]",
      "instances": [
        {
          "schema_version": 0,
          "attributes": {
            "all_tags": [],
            "allocation_pool": [
              {
                "end": "10.0.0.254",
                "start": "10.0.0.2"
              }
            ],
            "cidr": "10.0.0.0/24",
            "description": "",
            "dns_nameservers": [
              "8.8.8.8",
              "8.8.4.4"
            ],
            "dns_publish_fixed_ip": false,
            "enable_dhcp": true,
            "gateway_ip": "10.0.0.1",
            "id": "1b355c52-d9c1-47a2-b8e7-d9776b3db5a0",
            "ip_version": 4,
            "ipv6_address_mode": "",
            "ipv6_ra_mode": "",
            "name": "k0s-vpc-subnet",
            "network_id": "322bbf78-cebc-45c7-a68a-241d60dbfc01",
            "no_gateway": false,
            "prefix_length": null,
            "region": "NCP-TH",
            "service_types": [],
            "subnetpool_id": "",
            "tags": null,
            "tenant_id": "7ff942ee04644ac28a10a871f707f05d",
            "timeouts": null,
            "value_specs": null
          },
          "sensitive_attributes": [],
          "identity_schema_version": 0,
          "private": "eyJlMmJmYjczMC1lY2FhLTExZTYtOGY4OC0zNDM2M2JjN2M0YzAiOnsiY3JlYXRlIjo2MDAwMDAwMDAwMDAsImRlbGV0ZSI6NjAwMDAwMDAwMDAwfX0=",
          "dependencies": [
            "openstack_networking_network_v2.network"
          ]
        }
      ]
    }
  ],
  "check_results": null
}
